// !$*UTF8*$!
{
	archiveVersion = 1;
	classes = {
	};
	objectVersion = 55;
	objects = {

/* Begin PBXBuildFile section */
		325CACC52912CCA10019AAA2 /* ExpenseTrackerApp.swift in Sources */ = {isa = PBXBuildFile; fileRef = 325CACC42912CCA10019AAA2 /* ExpenseTrackerApp.swift */; };
		325CACC72912CCA10019AAA2 /* ContentView.swift in Sources */ = {isa = PBXBuildFile; fileRef = 325CACC62912CCA10019AAA2 /* ContentView.swift */; };
		325CACC92912CCA40019AAA2 /* Assets.xcassets in Resources */ = {isa = PBXBuildFile; fileRef = 325CACC82912CCA40019AAA2 /* Assets.xcassets */; };
		325CACCC2912CCA40019AAA2 /* Preview Assets.xcassets in Resources */ = {isa = PBXBuildFile; fileRef = 325CACCB2912CCA40019AAA2 /* Preview Assets.xcassets */; };
		325CACD62912D0940019AAA2 /* HomeView.swift in Sources */ = {isa = PBXBuildFile; fileRef = 325CACD52912D0940019AAA2 /* HomeView.swift */; };
		325CACD82912D0C30019AAA2 /* Expense.swift in Sources */ = {isa = PBXBuildFile; fileRef = 325CACD72912D0C30019AAA2 /* Expense.swift */; };
		325CACDA2912D1F80019AAA2 /* ExpenseViewModel.swift in Sources */ = {isa = PBXBuildFile; fileRef = 325CACD92912D1F80019AAA2 /* ExpenseViewModel.swift */; };
		32A38EF62913ABA7009480AE /* TransactionCardView.swift in Sources */ = {isa = PBXBuildFile; fileRef = 32A38EF52913ABA7009480AE /* TransactionCardView.swift */; };
		32A38EF82913B1D9009480AE /* FilteredDetailView.swift in Sources */ = {isa = PBXBuildFile; fileRef = 32A38EF72913B1D9009480AE /* FilteredDetailView.swift */; };
		32A38EFA2913B593009480AE /* ExpenseCardView.swift in Sources */ = {isa = PBXBuildFile; fileRef = 32A38EF92913B593009480AE /* ExpenseCardView.swift */; };
		32A38EFC2913C74D009480AE /* NewExpenseView.swift in Sources */ = {isa = PBXBuildFile; fileRef = 32A38EFB2913C74D009480AE /* NewExpenseView.swift */; };
		32A38FBA2914C951009480AE /* ExpenseModel.xcdatamodeld in Sources */ = {isa = PBXBuildFile; fileRef = 32A38FB82914C951009480AE /* ExpenseModel.xcdatamodeld */; };
/* End PBXBuildFile section */

/* Begin PBXFileReference section */
		325CACC12912CCA10019AAA2 /* ExpenseTracker.app */ = {isa = PBXFileReference; explicitFileType = wrapper.application; includeInIndex = 0; path = ExpenseTracker.app; sourceTree = BUILT_PRODUCTS_DIR; };
		325CACC42912CCA10019AAA2 /* ExpenseTrackerApp.swift */ = {isa = PBXFileReference; lastKnownFileType = sourcecode.swift; path = ExpenseTrackerApp.swift; sourceTree = "<group>"; };
		325CACC62912CCA10019AAA2 /* ContentView.swift */ = {isa = PBXFileReference; lastKnownFileType = sourcecode.swift; path = ContentView.swift; sourceTree = "<group>"; };
		325CACC82912CCA40019AAA2 /* Assets.xcassets */ = {isa = PBXFileReference; lastKnownFileType = folder.assetcatalog; path = Assets.xcassets; sourceTree = "<group>"; };
		325CACCB2912CCA40019AAA2 /* Preview Assets.xcassets */ = {isa = PBXFileReference; lastKnownFileType = folder.assetcatalog; path = "Preview Assets.xcassets"; sourceTree = "<group>"; };
		325CACD52912D0940019AAA2 /* HomeView.swift */ = {isa = PBXFileReference; lastKnownFileType = sourcecode.swift; path = HomeView.swift; sourceTree = "<group>"; };
		325CACD72912D0C30019AAA2 /* Expense.swift */ = {isa = PBXFileReference; lastKnownFileType = sourcecode.swift; path = Expense.swift; sourceTree = "<group>"; };
		325CACD92912D1F80019AAA2 /* ExpenseViewModel.swift */ = {isa = PBXFileReference; lastKnownFileType = sourcecode.swift; path = ExpenseViewModel.swift; sourceTree = "<group>"; };
		32A38EF52913ABA7009480AE /* TransactionCardView.swift */ = {isa = PBXFileReference; lastKnownFileType = sourcecode.swift; path = TransactionCardView.swift; sourceTree = "<group>"; };
		32A38EF72913B1D9009480AE /* FilteredDetailView.swift */ = {isa = PBXFileReference; lastKnownFileType = sourcecode.swift; path = FilteredDetailView.swift; sourceTree = "<group>"; };
		32A38EF92913B593009480AE /* ExpenseCardView.swift */ = {isa = PBXFileReference; lastKnownFileType = sourcecode.swift; path = ExpenseCardView.swift; sourceTree = "<group>"; };
		32A38EFB2913C74D009480AE /* NewExpenseView.swift */ = {isa = PBXFileReference; lastKnownFileType = sourcecode.swift; path = NewExpenseView.swift; sourceTree = "<group>"; };
		32A38FB92914C951009480AE /* ExpenseModel.xcdatamodel */ = {isa = PBXFileReference; lastKnownFileType = wrapper.xcdatamodel; path = ExpenseModel.xcdatamodel; sourceTree = "<group>"; };
/* End PBXFileReference section */

/* Begin PBXFrameworksBuildPhase section */
		325CACBE2912CCA10019AAA2 /* Frameworks */ = {
			isa = PBXFrameworksBuildPhase;
			buildActionMask = 2147483647;
			files = (
			);
			runOnlyForDeploymentPostprocessing = 0;
		};
/* End PBXFrameworksBuildPhase section */

/* Begin PBXGroup section */
		325CACB82912CCA00019AAA2 = {
			isa = PBXGroup;
			children = (
				325CACC32912CCA10019AAA2 /* ExpenseTracker */,
				325CACC22912CCA10019AAA2 /* Products */,
			);
			sourceTree = "<group>";
		};
		325CACC22912CCA10019AAA2 /* Products */ = {
			isa = PBXGroup;
			children = (
				325CACC12912CCA10019AAA2 /* ExpenseTracker.app */,
			);
			name = Products;
			sourceTree = "<group>";
		};
		325CACC32912CCA10019AAA2 /* ExpenseTracker */ = {
			isa = PBXGroup;
			children = (
				325CACD42912D06F0019AAA2 /* ViewModel */,
				325CACD32912D06A0019AAA2 /* View */,
				325CACD22912D0660019AAA2 /* Model */,
				325CACC42912CCA10019AAA2 /* ExpenseTrackerApp.swift */,
				325CACC62912CCA10019AAA2 /* ContentView.swift */,
				325CACC82912CCA40019AAA2 /* Assets.xcassets */,
				325CACCA2912CCA40019AAA2 /* Preview Content */,
				32A38FB82914C951009480AE /* ExpenseModel.xcdatamodeld */,
			);
			path = ExpenseTracker;
			sourceTree = "<group>";
		};
		325CACCA2912CCA40019AAA2 /* Preview Content */ = {
			isa = PBXGroup;
			children = (
				325CACCB2912CCA40019AAA2 /* Preview Assets.xcassets */,
			);
			path = "Preview Content";
			sourceTree = "<group>";
		};
		325CACD22912D0660019AAA2 /* Model */ = {
			isa = PBXGroup;
			children = (
				325CACD72912D0C30019AAA2 /* Expense.swift */,
			);
			path = Model;
			sourceTree = "<group>";
		};
		325CACD32912D06A0019AAA2 /* View */ = {
			isa = PBXGroup;
			children = (
				325CACD52912D0940019AAA2 /* HomeView.swift */,
				32A38EF52913ABA7009480AE /* TransactionCardView.swift */,
				32A38EF72913B1D9009480AE /* FilteredDetailView.swift */,
				32A38EF92913B593009480AE /* ExpenseCardView.swift */,
				32A38EFB2913C74D009480AE /* NewExpenseView.swift */,
			);
			path = View;
			sourceTree = "<group>";
		};
		325CACD42912D06F0019AAA2 /* ViewModel */ = {
			isa = PBXGroup;
			children = (
				325CACD92912D1F80019AAA2 /* ExpenseViewModel.swift */,
			);
			path = ViewModel;
			sourceTree = "<group>";
		};
/* End PBXGroup section */

/* Begin PBXNativeTarget section */
		325CACC02912CCA10019AAA2 /* ExpenseTracker */ = {
			isa = PBXNativeTarget;
			buildConfigurationList = 325CACCF2912CCA40019AAA2 /* Build configuration list for PBXNativeTarget "ExpenseTracker" */;
			buildPhases = (
				325CACBD2912CCA10019AAA2 /* Sources */,
				325CACBE2912CCA10019AAA2 /* Frameworks */,
				325CACBF2912CCA10019AAA2 /* Resources */,
			);
			buildRules = (
			);
			dependencies = (
			);
			name = ExpenseTracker;
			productName = ExpenseTracker;
			productReference = 325CACC12912CCA10019AAA2 /* ExpenseTracker.app */;
			productType = "com.apple.product-type.application";
		};
/* End PBXNativeTarget section */

/* Begin PBXProject section */
		325CACB92912CCA10019AAA2 /* Project object */ = {
			isa = PBXProject;
			attributes = {
				BuildIndependentTargetsInParallel = 1;
				LastSwiftUpdateCheck = 1320;
				LastUpgradeCheck = 1320;
				TargetAttributes = {
					325CACC02912CCA10019AAA2 = {
						CreatedOnToolsVersion = 13.2.1;
					};
				};
			};
			buildConfigurationList = 325CACBC2912CCA10019AAA2 /* Build configuration list for PBXProject "ExpenseTracker" */;
			compatibilityVersion = "Xcode 13.0";
			developmentRegion = en;
			hasScannedForEncodings = 0;
			knownRegions = (
				en,
				Base,
			);
			mainGroup = 325CACB82912CCA00019AAA2;
			productRefGroup = 325CACC22912CCA10019AAA2 /* Products */;
			projectDirPath = "";
			projectRoot = "";
			targets = (
				325CACC02912CCA10019AAA2 /* ExpenseTracker */,
			);
		};
/* End PBXProject section */

/* Begin PBXResourcesBuildPhase section */
		325CACBF2912CCA10019AAA2 /* Resources */ = {
			isa = PBXResourcesBuildPhase;
			buildActionMask = 2147483647;
			files = (
				325CACCC2912CCA40019AAA2 /* Preview Assets.xcassets in Resources */,
				325CACC92912CCA40019AAA2 /* Assets.xcassets in Resources */,
			);
			runOnlyForDeploymentPostprocessing = 0;
		};
/* End PBXResourcesBuildPhase section */

/* Begin PBXSourcesBuildPhase section */
		325CACBD2912CCA10019AAA2 /* Sources */ = {
			isa = PBXSourcesBuildPhase;
			buildActionMask = 2147483647;
			files = (
				325CACD82912D0C30019AAA2 /* Expense.swift in Sources */,
				32A38EF82913B1D9009480AE /* FilteredDetailView.swift in Sources */,
				325CACD62912D0940019AAA2 /* HomeView.swift in Sources */,
				32A38EFC2913C74D009480AE /* NewExpenseView.swift in Sources */,
				32A38FBA2914C951009480AE /* ExpenseModel.xcdatamodeld in Sources */,
				325CACC72912CCA10019AAA2 /* ContentView.swift in Sources */,
				325CACDA2912D1F80019AAA2 /* ExpenseViewModel.swift in Sources */,
				32A38EFA2913B593009480AE /* ExpenseCardView.swift in Sources */,
				325CACC52912CCA10019AAA2 /* ExpenseTrackerApp.swift in Sources */,
				32A38EF62913ABA7009480AE /* TransactionCardView.swift in Sources */,
			);
			runOnlyForDeploymentPostprocessing = 0;
		};
/* End PBXSourcesBuildPhase section */

/* Begin XCBuildConfiguration section */
		325CACCD2912CCA40019AAA2 /* Debug */ = {
			isa = XCBuildConfiguration;
			buildSettings = {
				ALWAYS_SEARCH_USER_PATHS = NO;
				CLANG_ANALYZER_NONNULL = YES;
				CLANG_ANALYZER_NUMBER_OBJECT_CONVERSION = YES_AGGRESSIVE;
				CLANG_CXX_LANGUAGE_STANDARD = "gnu++17";
				CLANG_CXX_LIBRARY = "libc++";
				CLANG_ENABLE_MODULES = YES;
				CLANG_ENABLE_OBJC_ARC = YES;
				CLANG_ENABLE_OBJC_WEAK = YES;
				CLANG_WARN_BLOCK_CAPTURE_AUTORELEASING = YES;
				CLANG_WARN_BOOL_CONVERSION = YES;
				CLANG_WARN_COMMA = YES;
				CLANG_WARN_CONSTANT_CONVERSION = YES;
				CLANG_WARN_DEPRECATED_OBJC_IMPLEMENTATIONS = YES;
				CLANG_WARN_DIRECT_OBJC_ISA_USAGE = YES_ERROR;
				CLANG_WARN_DOCUMENTATION_COMMENTS = YES;
				CLANG_WARN_EMPTY_BODY = YES;
				CLANG_WARN_ENUM_CONVERSION = YES;
				CLANG_WARN_INFINITE_RECURSION = YES;
				CLANG_WARN_INT_CONVERSION = YES;
				CLANG_WARN_NON_LITERAL_NULL_CONVERSION = YES;
				CLANG_WARN_OBJC_IMPLICIT_RETAIN_SELF = YES;
				CLANG_WARN_OBJC_LITERAL_CONVERSION = YES;
				CLANG_WARN_OBJC_ROOT_CLASS = YES_ERROR;
				CLANG_WARN_QUOTED_INCLUDE_IN_FRAMEWORK_HEADER = YES;
				CLANG_WARN_RANGE_LOOP_ANALYSIS = YES;
				CLANG_WARN_STRICT_PROTOTYPES = YES;
				CLANG_WARN_SUSPICIOUS_MOVE = YES;
				CLANG_WARN_UNGUARDED_AVAILABILITY = YES_AGGRESSIVE;
				CLANG_WARN_UNREACHABLE_CODE = YES;
				CLANG_WARN__DUPLICATE_METHOD_MATCH = YES;
				COPY_PHASE_STRIP = NO;
				DEBUG_INFORMATION_FORMAT = dwarf;
				ENABLE_STRICT_OBJC_MSGSEND = YES;
				ENABLE_TESTABILITY = YES;
				GCC_C_LANGUAGE_STANDARD = gnu11;
				GCC_DYNAMIC_NO_PIC = NO;
				GCC_NO_COMMON_BLOCKS = YES;
				GCC_OPTIMIZATION_LEVEL = 0;
				GCC_PREPROCESSOR_DEFINITIONS = (
					"DEBUG=1",
					"$(inherited)",
				);
				GCC_WARN_64_TO_32_BIT_CONVERSION = YES;
				GCC_WARN_ABOUT_RETURN_TYPE = YES_ERROR;
				GCC_WARN_UNDECLARED_SELECTOR = YES;
				GCC_WARN_UNINITIALIZED_AUTOS = YES_AGGRESSIVE;
				GCC_WARN_UNUSED_FUNCTION = YES;
				GCC_WARN_UNUSED_VARIABLE = YES;
				IPHONEOS_DEPLOYMENT_TARGET = 15.2;
				MTL_ENABLE_DEBUG_INFO = INCLUDE_SOURCE;
				MTL_FAST_MATH = YES;
				ONLY_ACTIVE_ARCH = YES;
				SDKROOT = iphoneos;
				SWIFT_ACTIVE_COMPILATION_CONDITIONS = DEBUG;
				SWIFT_OPTIMIZATION_LEVEL = "-Onone";
			};
			name = Debug;
		};
		325CACCE2912CCA40019AAA2 /* Release */ = {
			isa = XCBuildConfiguration;
			buildSettings = {
				ALWAYS_SEARCH_USER_PATHS = NO;
				CLANG_ANALYZER_NONNULL = YES;
				CLANG_ANALYZER_NUMBER_OBJECT_CONVERSION = YES_AGGRESSIVE;
				CLANG_CXX_LANGUAGE_STANDARD = "gnu++17";
				CLANG_CXX_LIBRARY = "libc++";
				CLANG_ENABLE_MODULES = YES;
				CLANG_ENABLE_OBJC_ARC = YES;
				CLANG_ENABLE_OBJC_WEAK = YES;
				CLANG_WARN_BLOCK_CAPTURE_AUTORELEASING = YES;
				CLANG_WARN_BOOL_CONVERSION = YES;
				CLANG_WARN_COMMA = YES;
				CLANG_WARN_CONSTANT_CONVERSION = YES;
				CLANG_WARN_DEPRECATED_OBJC_IMPLEMENTATIONS = YES;
				CLANG_WARN_DIRECT_OBJC_ISA_USAGE = YES_ERROR;
				CLANG_WARN_DOCUMENTATION_COMMENTS = YES;
				CLANG_WARN_EMPTY_BODY = YES;
				CLANG_WARN_ENUM_CONVERSION = YES;
				CLANG_WARN_INFINITE_RECURSION = YES;
				CLANG_WARN_INT_CONVERSION = YES;
				CLANG_WARN_NON_LITERAL_NULL_CONVERSION = YES;
				CLANG_WARN_OBJC_IMPLICIT_RETAIN_SELF = YES;
				CLANG_WARN_OBJC_LITERAL_CONVERSION = YES;
				CLANG_WARN_OBJC_ROOT_CLASS = YES_ERROR;
				CLANG_WARN_QUOTED_INCLUDE_IN_FRAMEWORK_HEADER = YES;
				CLANG_WARN_RANGE_LOOP_ANALYSIS = YES;
				CLANG_WARN_STRICT_PROTOTYPES = YES;
				CLANG_WARN_SUSPICIOUS_MOVE = YES;
				CLANG_WARN_UNGUARDED_AVAILABILITY = YES_AGGRESSIVE;
				CLANG_WARN_UNREACHABLE_CODE = YES;
				CLANG_WARN__DUPLICATE_METHOD_MATCH = YES;
				COPY_PHASE_STRIP = NO;
				DEBUG_INFORMATION_FORMAT = "dwarf-with-dsym";
				ENABLE_NS_ASSERTIONS = NO;
				ENABLE_STRICT_OBJC_MSGSEND = YES;
				GCC_C_LANGUAGE_STANDARD = gnu11;
				GCC_NO_COMMON_BLOCKS = YES;
				GCC_WARN_64_TO_32_BIT_CONVERSION = YES;
				GCC_WARN_ABOUT_RETURN_TYPE = YES_ERROR;
				GCC_WARN_UNDECLARED_SELECTOR = YES;
				GCC_WARN_UNINITIALIZED_AUTOS = YES_AGGRESSIVE;
				GCC_WARN_UNUSED_FUNCTION = YES;
				GCC_WARN_UNUSED_VARIABLE = YES;
				IPHONEOS_DEPLOYMENT_TARGET = 15.2;
				MTL_ENABLE_DEBUG_INFO = NO;
				MTL_FAST_MATH = YES;
				SDKROOT = iphoneos;
				SWIFT_COMPILATION_MODE = wholemodule;
				SWIFT_OPTIMIZATION_LEVEL = "-O";
				VALIDATE_PRODUCT = YES;
			};
			name = Release;
		};
		325CACD02912CCA40019AAA2 /* Debug */ = {
			isa = XCBuildConfiguration;
			buildSettings = {
				ASSETCATALOG_COMPILER_APPICON_NAME = AppIcon;
				ASSETCATALOG_COMPILER_GLOBAL_ACCENT_COLOR_NAME = AccentColor;
				CODE_SIGN_STYLE = Automatic;
				CURRENT_PROJECT_VERSION = 1;
				DEVELOPMENT_ASSET_PATHS = "\"ExpenseTracker/Preview Content\"";
				DEVELOPMENT_TEAM = 87A46U8PS5;
				ENABLE_PREVIEWS = YES;
				GENERATE_INFOPLIST_FILE = YES;
				INFOPLIST_KEY_UIApplicationSceneManifest_Generation = YES;
				INFOPLIST_KEY_UIApplicationSupportsIndirectInputEvents = YES;
				INFOPLIST_KEY_UILaunchScreen_Generation = YES;
				INFOPLIST_KEY_UISupportedInterfaceOrientations_iPad = "UIInterfaceOrientationPortrait UIInterfaceOrientationPortraitUpsideDown UIInterfaceOrientationLandscapeLeft UIInterfaceOrientationLandscapeRight";
				INFOPLIST_KEY_UISupportedInterfaceOrientations_iPhone = "UIInterfaceOrientationPortrait UIInterfaceOrientationLandscapeLeft UIInterfaceOrientationLandscapeRight";
				LD_RUNPATH_SEARCH_PATHS = (
					"$(inherited)",
					"@executable_path/Frameworks",
				);
				MARKETING_VERSION = 1.0;
				PRODUCT_BUNDLE_IDENTIFIER = com.duongdlt.ExpenseTracker;
				PRODUCT_NAME = "$(TARGET_NAME)";
				SWIFT_EMIT_LOC_STRINGS = YES;
				SWIFT_VERSION = 5.0;
				TARGETED_DEVICE_FAMILY = "1,2";
			};
			name = Debug;
		};
		325CACD12912CCA40019AAA2 /* Release */ = {
			isa = XCBuildConfiguration;
			buildSettings = {
				ASSETCATALOG_COMPILER_APPICON_NAME = AppIcon;
				ASSETCATALOG_COMPILER_GLOBAL_ACCENT_COLOR_NAME = AccentColor;
				CODE_SIGN_STYLE = Automatic;
				CURRENT_PROJECT_VERSION = 1;
				DEVELOPMENT_ASSET_PATHS = "\"ExpenseTracker/Preview Content\"";
				DEVELOPMENT_TEAM = 87A46U8PS5;
				ENABLE_PREVIEWS = YES;
				GENERATE_INFOPLIST_FILE = YES;
				INFOPLIST_KEY_UIApplicationSceneManifest_Generation = YES;
				INFOPLIST_KEY_UIApplicationSupportsIndirectInputEvents = YES;
				INFOPLIST_KEY_UILaunchScreen_Generation = YES;
				INFOPLIST_KEY_UISupportedInterfaceOrientations_iPad = "UIInterfaceOrientationPortrait UIInterfaceOrientationPortraitUpsideDown UIInterfaceOrientationLandscapeLeft UIInterfaceOrientationLandscapeRight";
				INFOPLIST_KEY_UISupportedInterfaceOrientations_iPhone = "UIInterfaceOrientationPortrait UIInterfaceOrientationLandscapeLeft UIInterfaceOrientationLandscapeRight";
				LD_RUNPATH_SEARCH_PATHS = (
					"$(inherited)",
					"@executable_path/Frameworks",
				);
				MARKETING_VERSION = 1.0;
				PRODUCT_BUNDLE_IDENTIFIER = com.duongdlt.ExpenseTracker;
				PRODUCT_NAME = "$(TARGET_NAME)";
				SWIFT_EMIT_LOC_STRINGS = YES;
				SWIFT_VERSION = 5.0;
				TARGETED_DEVICE_FAMILY = "1,2";
			};
			name = Release;
		};
/* End XCBuildConfiguration section */

/* Begin XCConfigurationList section */
		325CACBC2912CCA10019AAA2 /* Build configuration list for PBXProject "ExpenseTracker" */ = {
			isa = XCConfigurationList;
			buildConfigurations = (
				325CACCD2912CCA40019AAA2 /* Debug */,
				325CACCE2912CCA40019AAA2 /* Release */,
			);
			defaultConfigurationIsVisible = 0;
			defaultConfigurationName = Release;
		};
		325CACCF2912CCA40019AAA2 /* Build configuration list for PBXNativeTarget "ExpenseTracker" */ = {
			isa = XCConfigurationList;
			buildConfigurations = (
				325CACD02912CCA40019AAA2 /* Debug */,
				325CACD12912CCA40019AAA2 /* Release */,
			);
			defaultConfigurationIsVisible = 0;
			defaultConfigurationName = Release;
		};
/* End XCConfigurationList section */

/* Begin XCVersionGroup section */
		32A38FB82914C951009480AE /* ExpenseModel.xcdatamodeld */ = {
			isa = XCVersionGroup;
			children = (
				32A38FB92914C951009480AE /* ExpenseModel.xcdatamodel */,
			);
			currentVersion = 32A38FB92914C951009480AE /* ExpenseModel.xcdatamodel */;
			path = ExpenseModel.xcdatamodeld;
			sourceTree = "<group>";
			versionGroupType = wrapper.xcdatamodel;
		};
/* End XCVersionGroup section */
	};
	rootObject = 325CACB92912CCA10019AAA2 /* Project object */;
}
