// !$*UTF8*$!
{
	archiveVersion = 1;
	classes = {
	};
	objectVersion = 55;
	objects = {

/* Begin PBXBuildFile section */
		3254EC8D29247BDD009308B9 /* NetworkMonitor.swift in Sources */ = {isa = PBXBuildFile; fileRef = 3254EC8C29247BDD009308B9 /* NetworkMonitor.swift */; };
		3254EC8F29247C58009308B9 /* DetectNetworkContentView.swift in Sources */ = {isa = PBXBuildFile; fileRef = 3254EC8E29247C58009308B9 /* DetectNetworkContentView.swift */; };
		325DA0B12921E770005F2E23 /* SwiftUIPortalApp.swift in Sources */ = {isa = PBXBuildFile; fileRef = 325DA0B02921E770005F2E23 /* SwiftUIPortalApp.swift */; };
		325DA0B32921E770005F2E23 /* ContentView.swift in Sources */ = {isa = PBXBuildFile; fileRef = 325DA0B22921E770005F2E23 /* ContentView.swift */; };
		325DA0B52921E772005F2E23 /* Assets.xcassets in Resources */ = {isa = PBXBuildFile; fileRef = 325DA0B42921E772005F2E23 /* Assets.xcassets */; };
		325DA0B82921E773005F2E23 /* Preview Assets.xcassets in Resources */ = {isa = PBXBuildFile; fileRef = 325DA0B72921E773005F2E23 /* Preview Assets.xcassets */; };
		325DA0BF2921E8B8005F2E23 /* CircularProgressBarBackgroundView.swift in Sources */ = {isa = PBXBuildFile; fileRef = 325DA0BE2921E8B8005F2E23 /* CircularProgressBarBackgroundView.swift */; };
		325DA0C12921E8CE005F2E23 /* CircularProgressBarProgressView.swift in Sources */ = {isa = PBXBuildFile; fileRef = 325DA0C02921E8CE005F2E23 /* CircularProgressBarProgressView.swift */; };
		325DA0C32921E921005F2E23 /* CircularProgressBarView.swift in Sources */ = {isa = PBXBuildFile; fileRef = 325DA0C22921E921005F2E23 /* CircularProgressBarView.swift */; };
		EA9690D42974ED85008AA5E7 /* RippleAnimation.swift in Sources */ = {isa = PBXBuildFile; fileRef = EA9690D32974ED85008AA5E7 /* RippleAnimation.swift */; };
		EA9690D62974F17E008AA5E7 /* AWBreathAnimation.swift in Sources */ = {isa = PBXBuildFile; fileRef = EA9690D52974F17E008AA5E7 /* AWBreathAnimation.swift */; };
		EA9690D82974FEFB008AA5E7 /* YoutubeOpeningAnimation.swift in Sources */ = {isa = PBXBuildFile; fileRef = EA9690D72974FEFB008AA5E7 /* YoutubeOpeningAnimation.swift */; };
		EA9690E22975295B008AA5E7 /* PokeAPIService.swift in Sources */ = {isa = PBXBuildFile; fileRef = EA9690E12975295B008AA5E7 /* PokeAPIService.swift */; };
		EA9690E429752AAA008AA5E7 /* PokemonModel.swift in Sources */ = {isa = PBXBuildFile; fileRef = EA9690E329752AAA008AA5E7 /* PokemonModel.swift */; };
		EA9690E629752AD7008AA5E7 /* PokemonView.swift in Sources */ = {isa = PBXBuildFile; fileRef = EA9690E529752AD7008AA5E7 /* PokemonView.swift */; };
		EA9690E829752C88008AA5E7 /* PokeRow.swift in Sources */ = {isa = PBXBuildFile; fileRef = EA9690E729752C88008AA5E7 /* PokeRow.swift */; };
		EA9690EA297530D6008AA5E7 /* TypeChipList.swift in Sources */ = {isa = PBXBuildFile; fileRef = EA9690E9297530D6008AA5E7 /* TypeChipList.swift */; };
		FC03AF4629949C32009A5D4E /* PokemonListView.swift in Sources */ = {isa = PBXBuildFile; fileRef = FC03AF4529949C32009A5D4E /* PokemonListView.swift */; };
		FC03AF4829949C4B009A5D4E /* PokemonDetailView.swift in Sources */ = {isa = PBXBuildFile; fileRef = FC03AF4729949C4B009A5D4E /* PokemonDetailView.swift */; };
		FC03AF4C2994A05F009A5D4E /* OtpVerificationView.swift in Sources */ = {isa = PBXBuildFile; fileRef = FC03AF4B2994A05F009A5D4E /* OtpVerificationView.swift */; };
		FC03AF4E2994A06B009A5D4E /* AuthView.swift in Sources */ = {isa = PBXBuildFile; fileRef = FC03AF4D2994A06B009A5D4E /* AuthView.swift */; };
		FC03AF502994A0BD009A5D4E /* ViewExtension.swift in Sources */ = {isa = PBXBuildFile; fileRef = FC03AF4F2994A0BD009A5D4E /* ViewExtension.swift */; };
		FC03AF522994A0DB009A5D4E /* CustomMapView.swift in Sources */ = {isa = PBXBuildFile; fileRef = FC03AF512994A0DB009A5D4E /* CustomMapView.swift */; };
		FC03AF542994A109009A5D4E /* CustomTimePickerView.swift in Sources */ = {isa = PBXBuildFile; fileRef = FC03AF532994A109009A5D4E /* CustomTimePickerView.swift */; };
		FC03AF562994A11D009A5D4E /* DownloadingView.swift in Sources */ = {isa = PBXBuildFile; fileRef = FC03AF552994A11D009A5D4E /* DownloadingView.swift */; };
		FC03AF582994A12A009A5D4E /* LiquidSwipeHome.swift in Sources */ = {isa = PBXBuildFile; fileRef = FC03AF572994A12A009A5D4E /* LiquidSwipeHome.swift */; };
		FC03AF5A2994A137009A5D4E /* ProgessBarView.swift in Sources */ = {isa = PBXBuildFile; fileRef = FC03AF592994A137009A5D4E /* ProgessBarView.swift */; };
		FC03AF5C2994A142009A5D4E /* SplitTheBillView.swift in Sources */ = {isa = PBXBuildFile; fileRef = FC03AF5B2994A142009A5D4E /* SplitTheBillView.swift */; };
		FC03AF5E2994A150009A5D4E /* TinderSwipableCardView.swift in Sources */ = {isa = PBXBuildFile; fileRef = FC03AF5D2994A150009A5D4E /* TinderSwipableCardView.swift */; };
		FC0669492B5F8BDB00237F91 /* CalmariaView.swift in Sources */ = {isa = PBXBuildFile; fileRef = FC0669482B5F8BDB00237F91 /* CalmariaView.swift */; };
		FC06694C2B5F8CE400237F91 /* CalmariaVisualEffectView.swift in Sources */ = {isa = PBXBuildFile; fileRef = FC06694B2B5F8CE400237F91 /* CalmariaVisualEffectView.swift */; };
		FC0669502B5FD17800237F91 /* CustomToastView.swift in Sources */ = {isa = PBXBuildFile; fileRef = FC06694F2B5FD17800237F91 /* CustomToastView.swift */; };
		FC0669522B602B8600237F91 /* SideMenuView.swift in Sources */ = {isa = PBXBuildFile; fileRef = FC0669512B602B8600237F91 /* SideMenuView.swift */; };
		FC0669542B602CFC00237F91 /* AnimatedStickyHeaderView.swift in Sources */ = {isa = PBXBuildFile; fileRef = FC0669532B602CFC00237F91 /* AnimatedStickyHeaderView.swift */; };
		FC1BD8462B62B8AE006EAF40 /* AnimatedSFTabView.swift in Sources */ = {isa = PBXBuildFile; fileRef = FC1BD8452B62B8AE006EAF40 /* AnimatedSFTabView.swift */; };
		FC209DCC2B401567006EA403 /* SwipeToHideNavBar.swift in Sources */ = {isa = PBXBuildFile; fileRef = FC209DCB2B401567006EA403 /* SwipeToHideNavBar.swift */; };
		FC209DCF2B401AA3006EA403 /* ParticleEmitterView.swift in Sources */ = {isa = PBXBuildFile; fileRef = FC209DCE2B401AA3006EA403 /* ParticleEmitterView.swift */; };
		FC209DD12B401C6B006EA403 /* ParticleEffect.swift in Sources */ = {isa = PBXBuildFile; fileRef = FC209DD02B401C6B006EA403 /* ParticleEffect.swift */; };
		FC47A72C2AA323FB00E3F150 /* TransactionRow.swift in Sources */ = {isa = PBXBuildFile; fileRef = FC47A7262AA323FB00E3F150 /* TransactionRow.swift */; };
		FC47A72D2AA323FB00E3F150 /* CardView.swift in Sources */ = {isa = PBXBuildFile; fileRef = FC47A7272AA323FB00E3F150 /* CardView.swift */; };
		FC47A72E2AA323FB00E3F150 /* CardsScreen.swift in Sources */ = {isa = PBXBuildFile; fileRef = FC47A7282AA323FB00E3F150 /* CardsScreen.swift */; };
		FC47A72F2AA323FB00E3F150 /* CardList.swift in Sources */ = {isa = PBXBuildFile; fileRef = FC47A7292AA323FB00E3F150 /* CardList.swift */; };
		FC47A7302AA323FB00E3F150 /* TransactionsView.swift in Sources */ = {isa = PBXBuildFile; fileRef = FC47A72A2AA323FB00E3F150 /* TransactionsView.swift */; };
		FC47A7312AA323FB00E3F150 /* MoneyManagerContentView.swift in Sources */ = {isa = PBXBuildFile; fileRef = FC47A72B2AA323FB00E3F150 /* MoneyManagerContentView.swift */; };
		FC47A7332AA355AD00E3F150 /* BaseNavigationView.swift in Sources */ = {isa = PBXBuildFile; fileRef = FC47A7322AA355AD00E3F150 /* BaseNavigationView.swift */; };
		FC47A7372AA37F0C00E3F150 /* ActiveKeyboardField.swift in Sources */ = {isa = PBXBuildFile; fileRef = FC47A7362AA37F0C00E3F150 /* ActiveKeyboardField.swift */; };
		FC47A7392AA49AC900E3F150 /* CardCreationView.swift in Sources */ = {isa = PBXBuildFile; fileRef = FC47A7382AA49AC900E3F150 /* CardCreationView.swift */; };
		FC47A73B2AA4FD0900E3F150 /* Utils.swift in Sources */ = {isa = PBXBuildFile; fileRef = FC47A73A2AA4FD0900E3F150 /* Utils.swift */; };
		FC47A7522AA4FEC900E3F150 /* ProgressCircleStack.swift in Sources */ = {isa = PBXBuildFile; fileRef = FC47A73D2AA4FEC900E3F150 /* ProgressCircleStack.swift */; };
		FC47A7532AA4FEC900E3F150 /* OpacityAnimation.swift in Sources */ = {isa = PBXBuildFile; fileRef = FC47A73E2AA4FEC900E3F150 /* OpacityAnimation.swift */; };
		FC47A7542AA4FEC900E3F150 /* LinkedInLoader.swift in Sources */ = {isa = PBXBuildFile; fileRef = FC47A73F2AA4FEC900E3F150 /* LinkedInLoader.swift */; };
		FC47A7552AA4FEC900E3F150 /* LoginView.swift in Sources */ = {isa = PBXBuildFile; fileRef = FC47A7402AA4FEC900E3F150 /* LoginView.swift */; };
		FC47A7572AA4FEC900E3F150 /* PopularView.swift in Sources */ = {isa = PBXBuildFile; fileRef = FC47A7422AA4FEC900E3F150 /* PopularView.swift */; };
		FC47A7582AA4FEC900E3F150 /* FlowerPetals.swift in Sources */ = {isa = PBXBuildFile; fileRef = FC47A7432AA4FEC900E3F150 /* FlowerPetals.swift */; };
		FC47A7592AA4FEC900E3F150 /* fireworks3.json in Resources */ = {isa = PBXBuildFile; fileRef = FC47A7442AA4FEC900E3F150 /* fireworks3.json */; };
		FC47A75A2AA4FEC900E3F150 /* SpreadingAnim.swift in Sources */ = {isa = PBXBuildFile; fileRef = FC47A7452AA4FEC900E3F150 /* SpreadingAnim.swift */; };
		FC47A75B2AA4FEC900E3F150 /* Switch.swift in Sources */ = {isa = PBXBuildFile; fileRef = FC47A7462AA4FEC900E3F150 /* Switch.swift */; };
		FC47A75D2AA4FEC900E3F150 /* LottieView.swift in Sources */ = {isa = PBXBuildFile; fileRef = FC47A7482AA4FEC900E3F150 /* LottieView.swift */; };
		FC47A75E2AA4FEC900E3F150 /* CircleButton.swift in Sources */ = {isa = PBXBuildFile; fileRef = FC47A7492AA4FEC900E3F150 /* CircleButton.swift */; };
		FC47A75F2AA4FEC900E3F150 /* TimerWithCombine.swift in Sources */ = {isa = PBXBuildFile; fileRef = FC47A74A2AA4FEC900E3F150 /* TimerWithCombine.swift */; };
		FC47A7602AA4FEC900E3F150 /* ShapeAnimation.swift in Sources */ = {isa = PBXBuildFile; fileRef = FC47A74B2AA4FEC900E3F150 /* ShapeAnimation.swift */; };
		FC47A7612AA4FEC900E3F150 /* RecButton.swift in Sources */ = {isa = PBXBuildFile; fileRef = FC47A74C2AA4FEC900E3F150 /* RecButton.swift */; };
		FC47A7622AA4FEC900E3F150 /* likeButton.swift in Sources */ = {isa = PBXBuildFile; fileRef = FC47A74D2AA4FEC900E3F150 /* likeButton.swift */; };
		FC47A7632AA4FEC900E3F150 /* PathViews.swift in Sources */ = {isa = PBXBuildFile; fileRef = FC47A74E2AA4FEC900E3F150 /* PathViews.swift */; };
		FC47A7642AA4FEC900E3F150 /* NewYearAnim.swift in Sources */ = {isa = PBXBuildFile; fileRef = FC47A74F2AA4FEC900E3F150 /* NewYearAnim.swift */; };
		FC47A7652AA4FEC900E3F150 /* DownloadImageView.swift in Sources */ = {isa = PBXBuildFile; fileRef = FC47A7502AA4FEC900E3F150 /* DownloadImageView.swift */; };
		FC47A7702AA4FF0E00E3F150 /* Counter.swift in Sources */ = {isa = PBXBuildFile; fileRef = FC47A76F2AA4FF0E00E3F150 /* Counter.swift */; };
		FC5078F52A46964900E1EE77 /* CustomTabBarAnimatedTransitions.swift in Sources */ = {isa = PBXBuildFile; fileRef = FC5078F42A46964900E1EE77 /* CustomTabBarAnimatedTransitions.swift */; };
		FC5078F72A4930CF00E1EE77 /* TransparentBlurView.swift in Sources */ = {isa = PBXBuildFile; fileRef = FC5078F62A4930CF00E1EE77 /* TransparentBlurView.swift */; };
		FC6452842B25922B0008B6E5 /* HeartParticle.swift in Sources */ = {isa = PBXBuildFile; fileRef = FC6452832B25922B0008B6E5 /* HeartParticle.swift */; };
		FC6452862B2592EC0008B6E5 /* HeartAnimationView.swift in Sources */ = {isa = PBXBuildFile; fileRef = FC6452852B2592EC0008B6E5 /* HeartAnimationView.swift */; };
		FC9CECB02AA25B0600A2FF4A /* RollingText.swift in Sources */ = {isa = PBXBuildFile; fileRef = FC9CECAF2AA25B0600A2FF4A /* RollingText.swift */; };
		FC9F0D3D2B63B70B003379E5 /* ParallaxCarouselCard.swift in Sources */ = {isa = PBXBuildFile; fileRef = FC9F0D3C2B63B70B003379E5 /* ParallaxCarouselCard.swift */; };
		FC9F0D3F2B63B714003379E5 /* ParallaxCarouselCardModel.swift in Sources */ = {isa = PBXBuildFile; fileRef = FC9F0D3E2B63B714003379E5 /* ParallaxCarouselCardModel.swift */; };
		FC9F0D412B64C6B9003379E5 /* AnimatedPageIndicator.swift in Sources */ = {isa = PBXBuildFile; fileRef = FC9F0D402B64C6B9003379E5 /* AnimatedPageIndicator.swift */; };
		FCA81F7F2AA62FD5009C9881 /* IntroModel.swift in Sources */ = {isa = PBXBuildFile; fileRef = FCA81F7E2AA62FD5009C9881 /* IntroModel.swift */; };
		FCA81F812AA63073009C9881 /* IntroView.swift in Sources */ = {isa = PBXBuildFile; fileRef = FCA81F802AA63073009C9881 /* IntroView.swift */; };
		FCAA6A082B540B11004319D4 /* InfiniteCarouselView.swift in Sources */ = {isa = PBXBuildFile; fileRef = FCAA6A072B540B11004319D4 /* InfiniteCarouselView.swift */; };
		FCAA6A0A2B5440B6004319D4 /* NumberTextAnimation.swift in Sources */ = {isa = PBXBuildFile; fileRef = FCAA6A092B5440B6004319D4 /* NumberTextAnimation.swift */; };
		FCAA6A0C2B5447E4004319D4 /* StatusBarUpdateView.swift in Sources */ = {isa = PBXBuildFile; fileRef = FCAA6A0B2B5447E4004319D4 /* StatusBarUpdateView.swift */; };
		FCAC500A2B6A2FC800E41D87 /* ActivityRing.swift in Sources */ = {isa = PBXBuildFile; fileRef = FCAC50092B6A2FC800E41D87 /* ActivityRing.swift */; };
		FCAF179C2AAD8AB100CBB953 /* Router.swift in Sources */ = {isa = PBXBuildFile; fileRef = FCAF179B2AAD8AB100CBB953 /* Router.swift */; };
		FCB4428D2B41160E00BBA560 /* ParticleModel.swift in Sources */ = {isa = PBXBuildFile; fileRef = FCB4428C2B41160E00BBA560 /* ParticleModel.swift */; };
		FCB59AD02A506015008975DC /* ShimmerEffect.swift in Sources */ = {isa = PBXBuildFile; fileRef = FCB59ACF2A506015008975DC /* ShimmerEffect.swift */; };
		FCB59AD52A506C88008975DC /* BillSplitApp.swift in Sources */ = {isa = PBXBuildFile; fileRef = FCB59AD42A506C88008975DC /* BillSplitApp.swift */; };
		FCD93B6A2AA2588000B07AFE /* SequenceAnimationHome.swift in Sources */ = {isa = PBXBuildFile; fileRef = FCD93B692AA2588000B07AFE /* SequenceAnimationHome.swift */; };
		FCE3CFFC2B5CEAA90012E071 /* GradientCardAnimation.swift in Sources */ = {isa = PBXBuildFile; fileRef = FCE3CFFB2B5CEAA90012E071 /* GradientCardAnimation.swift */; };
		FCE3CFFE2B5CEF480012E071 /* FacebookReactions.swift in Sources */ = {isa = PBXBuildFile; fileRef = FCE3CFFD2B5CEF480012E071 /* FacebookReactions.swift */; };
		FCE3D0002B5CF7D90012E071 /* CustomBottomTabBar.swift in Sources */ = {isa = PBXBuildFile; fileRef = FCE3CFFF2B5CF7D90012E071 /* CustomBottomTabBar.swift */; };
		FCE3D0022B5D722A0012E071 /* ParallaxCardView.swift in Sources */ = {isa = PBXBuildFile; fileRef = FCE3D0012B5D722A0012E071 /* ParallaxCardView.swift */; };
/* End PBXBuildFile section */

/* Begin PBXFileReference section */
		3254EC8C29247BDD009308B9 /* NetworkMonitor.swift */ = {isa = PBXFileReference; lastKnownFileType = sourcecode.swift; path = NetworkMonitor.swift; sourceTree = "<group>"; };
		3254EC8E29247C58009308B9 /* DetectNetworkContentView.swift */ = {isa = PBXFileReference; lastKnownFileType = sourcecode.swift; path = DetectNetworkContentView.swift; sourceTree = "<group>"; };
		325DA0AD2921E770005F2E23 /* SwiftUIPortal.app */ = {isa = PBXFileReference; explicitFileType = wrapper.application; includeInIndex = 0; path = SwiftUIPortal.app; sourceTree = BUILT_PRODUCTS_DIR; };
		325DA0B02921E770005F2E23 /* SwiftUIPortalApp.swift */ = {isa = PBXFileReference; lastKnownFileType = sourcecode.swift; path = SwiftUIPortalApp.swift; sourceTree = "<group>"; };
		325DA0B22921E770005F2E23 /* ContentView.swift */ = {isa = PBXFileReference; lastKnownFileType = sourcecode.swift; path = ContentView.swift; sourceTree = "<group>"; };
		325DA0B42921E772005F2E23 /* Assets.xcassets */ = {isa = PBXFileReference; lastKnownFileType = folder.assetcatalog; path = Assets.xcassets; sourceTree = "<group>"; };
		325DA0B72921E773005F2E23 /* Preview Assets.xcassets */ = {isa = PBXFileReference; lastKnownFileType = folder.assetcatalog; path = "Preview Assets.xcassets"; sourceTree = "<group>"; };
		325DA0BE2921E8B8005F2E23 /* CircularProgressBarBackgroundView.swift */ = {isa = PBXFileReference; lastKnownFileType = sourcecode.swift; path = CircularProgressBarBackgroundView.swift; sourceTree = "<group>"; };
		325DA0C02921E8CE005F2E23 /* CircularProgressBarProgressView.swift */ = {isa = PBXFileReference; lastKnownFileType = sourcecode.swift; path = CircularProgressBarProgressView.swift; sourceTree = "<group>"; };
		325DA0C22921E921005F2E23 /* CircularProgressBarView.swift */ = {isa = PBXFileReference; lastKnownFileType = sourcecode.swift; path = CircularProgressBarView.swift; sourceTree = "<group>"; };
		EA9690D32974ED85008AA5E7 /* RippleAnimation.swift */ = {isa = PBXFileReference; lastKnownFileType = sourcecode.swift; path = RippleAnimation.swift; sourceTree = "<group>"; };
		EA9690D52974F17E008AA5E7 /* AWBreathAnimation.swift */ = {isa = PBXFileReference; lastKnownFileType = sourcecode.swift; path = AWBreathAnimation.swift; sourceTree = "<group>"; };
		EA9690D72974FEFB008AA5E7 /* YoutubeOpeningAnimation.swift */ = {isa = PBXFileReference; lastKnownFileType = sourcecode.swift; path = YoutubeOpeningAnimation.swift; sourceTree = "<group>"; };
		EA9690E12975295B008AA5E7 /* PokeAPIService.swift */ = {isa = PBXFileReference; lastKnownFileType = sourcecode.swift; path = PokeAPIService.swift; sourceTree = "<group>"; };
		EA9690E329752AAA008AA5E7 /* PokemonModel.swift */ = {isa = PBXFileReference; lastKnownFileType = sourcecode.swift; path = PokemonModel.swift; sourceTree = "<group>"; };
		EA9690E529752AD7008AA5E7 /* PokemonView.swift */ = {isa = PBXFileReference; lastKnownFileType = sourcecode.swift; path = PokemonView.swift; sourceTree = "<group>"; };
		EA9690E729752C88008AA5E7 /* PokeRow.swift */ = {isa = PBXFileReference; lastKnownFileType = sourcecode.swift; path = PokeRow.swift; sourceTree = "<group>"; };
		EA9690E9297530D6008AA5E7 /* TypeChipList.swift */ = {isa = PBXFileReference; lastKnownFileType = sourcecode.swift; path = TypeChipList.swift; sourceTree = "<group>"; };
		FC03AF4529949C32009A5D4E /* PokemonListView.swift */ = {isa = PBXFileReference; lastKnownFileType = sourcecode.swift; path = PokemonListView.swift; sourceTree = "<group>"; };
		FC03AF4729949C4B009A5D4E /* PokemonDetailView.swift */ = {isa = PBXFileReference; lastKnownFileType = sourcecode.swift; path = PokemonDetailView.swift; sourceTree = "<group>"; };
		FC03AF4B2994A05F009A5D4E /* OtpVerificationView.swift */ = {isa = PBXFileReference; lastKnownFileType = sourcecode.swift; path = OtpVerificationView.swift; sourceTree = "<group>"; };
		FC03AF4D2994A06B009A5D4E /* AuthView.swift */ = {isa = PBXFileReference; lastKnownFileType = sourcecode.swift; path = AuthView.swift; sourceTree = "<group>"; };
		FC03AF4F2994A0BD009A5D4E /* ViewExtension.swift */ = {isa = PBXFileReference; lastKnownFileType = sourcecode.swift; path = ViewExtension.swift; sourceTree = "<group>"; };
		FC03AF512994A0DB009A5D4E /* CustomMapView.swift */ = {isa = PBXFileReference; lastKnownFileType = sourcecode.swift; path = CustomMapView.swift; sourceTree = "<group>"; };
		FC03AF532994A109009A5D4E /* CustomTimePickerView.swift */ = {isa = PBXFileReference; lastKnownFileType = sourcecode.swift; path = CustomTimePickerView.swift; sourceTree = "<group>"; };
		FC03AF552994A11D009A5D4E /* DownloadingView.swift */ = {isa = PBXFileReference; lastKnownFileType = sourcecode.swift; path = DownloadingView.swift; sourceTree = "<group>"; };
		FC03AF572994A12A009A5D4E /* LiquidSwipeHome.swift */ = {isa = PBXFileReference; lastKnownFileType = sourcecode.swift; path = LiquidSwipeHome.swift; sourceTree = "<group>"; };
		FC03AF592994A137009A5D4E /* ProgessBarView.swift */ = {isa = PBXFileReference; lastKnownFileType = sourcecode.swift; path = ProgessBarView.swift; sourceTree = "<group>"; };
		FC03AF5B2994A142009A5D4E /* SplitTheBillView.swift */ = {isa = PBXFileReference; lastKnownFileType = sourcecode.swift; path = SplitTheBillView.swift; sourceTree = "<group>"; };
		FC03AF5D2994A150009A5D4E /* TinderSwipableCardView.swift */ = {isa = PBXFileReference; lastKnownFileType = sourcecode.swift; path = TinderSwipableCardView.swift; sourceTree = "<group>"; };
		FC0669482B5F8BDB00237F91 /* CalmariaView.swift */ = {isa = PBXFileReference; lastKnownFileType = sourcecode.swift; path = CalmariaView.swift; sourceTree = "<group>"; };
		FC06694B2B5F8CE400237F91 /* CalmariaVisualEffectView.swift */ = {isa = PBXFileReference; lastKnownFileType = sourcecode.swift; path = CalmariaVisualEffectView.swift; sourceTree = "<group>"; };
		FC06694F2B5FD17800237F91 /* CustomToastView.swift */ = {isa = PBXFileReference; lastKnownFileType = sourcecode.swift; path = CustomToastView.swift; sourceTree = "<group>"; };
		FC0669512B602B8600237F91 /* SideMenuView.swift */ = {isa = PBXFileReference; lastKnownFileType = sourcecode.swift; path = SideMenuView.swift; sourceTree = "<group>"; };
		FC0669532B602CFC00237F91 /* AnimatedStickyHeaderView.swift */ = {isa = PBXFileReference; lastKnownFileType = sourcecode.swift; path = AnimatedStickyHeaderView.swift; sourceTree = "<group>"; };
		FC1BD8452B62B8AE006EAF40 /* AnimatedSFTabView.swift */ = {isa = PBXFileReference; lastKnownFileType = sourcecode.swift; path = AnimatedSFTabView.swift; sourceTree = "<group>"; };
		FC209DCB2B401567006EA403 /* SwipeToHideNavBar.swift */ = {isa = PBXFileReference; lastKnownFileType = sourcecode.swift; path = SwipeToHideNavBar.swift; sourceTree = "<group>"; };
		FC209DCE2B401AA3006EA403 /* ParticleEmitterView.swift */ = {isa = PBXFileReference; lastKnownFileType = sourcecode.swift; path = ParticleEmitterView.swift; sourceTree = "<group>"; };
		FC209DD02B401C6B006EA403 /* ParticleEffect.swift */ = {isa = PBXFileReference; lastKnownFileType = sourcecode.swift; path = ParticleEffect.swift; sourceTree = "<group>"; };
		FC47A7262AA323FB00E3F150 /* TransactionRow.swift */ = {isa = PBXFileReference; fileEncoding = 4; lastKnownFileType = sourcecode.swift; path = TransactionRow.swift; sourceTree = "<group>"; };
		FC47A7272AA323FB00E3F150 /* CardView.swift */ = {isa = PBXFileReference; fileEncoding = 4; lastKnownFileType = sourcecode.swift; path = CardView.swift; sourceTree = "<group>"; };
		FC47A7282AA323FB00E3F150 /* CardsScreen.swift */ = {isa = PBXFileReference; fileEncoding = 4; lastKnownFileType = sourcecode.swift; path = CardsScreen.swift; sourceTree = "<group>"; };
		FC47A7292AA323FB00E3F150 /* CardList.swift */ = {isa = PBXFileReference; fileEncoding = 4; lastKnownFileType = sourcecode.swift; path = CardList.swift; sourceTree = "<group>"; };
		FC47A72A2AA323FB00E3F150 /* TransactionsView.swift */ = {isa = PBXFileReference; fileEncoding = 4; lastKnownFileType = sourcecode.swift; path = TransactionsView.swift; sourceTree = "<group>"; };
		FC47A72B2AA323FB00E3F150 /* MoneyManagerContentView.swift */ = {isa = PBXFileReference; fileEncoding = 4; lastKnownFileType = sourcecode.swift; path = MoneyManagerContentView.swift; sourceTree = "<group>"; };
		FC47A7322AA355AD00E3F150 /* BaseNavigationView.swift */ = {isa = PBXFileReference; lastKnownFileType = sourcecode.swift; path = BaseNavigationView.swift; sourceTree = "<group>"; };
		FC47A7362AA37F0C00E3F150 /* ActiveKeyboardField.swift */ = {isa = PBXFileReference; lastKnownFileType = sourcecode.swift; path = ActiveKeyboardField.swift; sourceTree = "<group>"; };
		FC47A7382AA49AC900E3F150 /* CardCreationView.swift */ = {isa = PBXFileReference; lastKnownFileType = sourcecode.swift; path = CardCreationView.swift; sourceTree = "<group>"; };
		FC47A73A2AA4FD0900E3F150 /* Utils.swift */ = {isa = PBXFileReference; lastKnownFileType = sourcecode.swift; path = Utils.swift; sourceTree = "<group>"; };
		FC47A73D2AA4FEC900E3F150 /* ProgressCircleStack.swift */ = {isa = PBXFileReference; fileEncoding = 4; lastKnownFileType = sourcecode.swift; path = ProgressCircleStack.swift; sourceTree = "<group>"; };
		FC47A73E2AA4FEC900E3F150 /* OpacityAnimation.swift */ = {isa = PBXFileReference; fileEncoding = 4; lastKnownFileType = sourcecode.swift; path = OpacityAnimation.swift; sourceTree = "<group>"; };
		FC47A73F2AA4FEC900E3F150 /* LinkedInLoader.swift */ = {isa = PBXFileReference; fileEncoding = 4; lastKnownFileType = sourcecode.swift; path = LinkedInLoader.swift; sourceTree = "<group>"; };
		FC47A7402AA4FEC900E3F150 /* LoginView.swift */ = {isa = PBXFileReference; fileEncoding = 4; lastKnownFileType = sourcecode.swift; path = LoginView.swift; sourceTree = "<group>"; };
		FC47A7422AA4FEC900E3F150 /* PopularView.swift */ = {isa = PBXFileReference; fileEncoding = 4; lastKnownFileType = sourcecode.swift; path = PopularView.swift; sourceTree = "<group>"; };
		FC47A7432AA4FEC900E3F150 /* FlowerPetals.swift */ = {isa = PBXFileReference; fileEncoding = 4; lastKnownFileType = sourcecode.swift; path = FlowerPetals.swift; sourceTree = "<group>"; };
		FC47A7442AA4FEC900E3F150 /* fireworks3.json */ = {isa = PBXFileReference; fileEncoding = 4; lastKnownFileType = text.json; path = fireworks3.json; sourceTree = "<group>"; };
		FC47A7452AA4FEC900E3F150 /* SpreadingAnim.swift */ = {isa = PBXFileReference; fileEncoding = 4; lastKnownFileType = sourcecode.swift; path = SpreadingAnim.swift; sourceTree = "<group>"; };
		FC47A7462AA4FEC900E3F150 /* Switch.swift */ = {isa = PBXFileReference; fileEncoding = 4; lastKnownFileType = sourcecode.swift; path = Switch.swift; sourceTree = "<group>"; };
		FC47A7482AA4FEC900E3F150 /* LottieView.swift */ = {isa = PBXFileReference; fileEncoding = 4; lastKnownFileType = sourcecode.swift; path = LottieView.swift; sourceTree = "<group>"; };
		FC47A7492AA4FEC900E3F150 /* CircleButton.swift */ = {isa = PBXFileReference; fileEncoding = 4; lastKnownFileType = sourcecode.swift; path = CircleButton.swift; sourceTree = "<group>"; };
		FC47A74A2AA4FEC900E3F150 /* TimerWithCombine.swift */ = {isa = PBXFileReference; fileEncoding = 4; lastKnownFileType = sourcecode.swift; path = TimerWithCombine.swift; sourceTree = "<group>"; };
		FC47A74B2AA4FEC900E3F150 /* ShapeAnimation.swift */ = {isa = PBXFileReference; fileEncoding = 4; lastKnownFileType = sourcecode.swift; path = ShapeAnimation.swift; sourceTree = "<group>"; };
		FC47A74C2AA4FEC900E3F150 /* RecButton.swift */ = {isa = PBXFileReference; fileEncoding = 4; lastKnownFileType = sourcecode.swift; path = RecButton.swift; sourceTree = "<group>"; };
		FC47A74D2AA4FEC900E3F150 /* likeButton.swift */ = {isa = PBXFileReference; fileEncoding = 4; lastKnownFileType = sourcecode.swift; path = likeButton.swift; sourceTree = "<group>"; };
		FC47A74E2AA4FEC900E3F150 /* PathViews.swift */ = {isa = PBXFileReference; fileEncoding = 4; lastKnownFileType = sourcecode.swift; path = PathViews.swift; sourceTree = "<group>"; };
		FC47A74F2AA4FEC900E3F150 /* NewYearAnim.swift */ = {isa = PBXFileReference; fileEncoding = 4; lastKnownFileType = sourcecode.swift; path = NewYearAnim.swift; sourceTree = "<group>"; };
		FC47A7502AA4FEC900E3F150 /* DownloadImageView.swift */ = {isa = PBXFileReference; fileEncoding = 4; lastKnownFileType = sourcecode.swift; path = DownloadImageView.swift; sourceTree = "<group>"; };
		FC47A76F2AA4FF0E00E3F150 /* Counter.swift */ = {isa = PBXFileReference; fileEncoding = 4; lastKnownFileType = sourcecode.swift; path = Counter.swift; sourceTree = "<group>"; };
		FC5078F42A46964900E1EE77 /* CustomTabBarAnimatedTransitions.swift */ = {isa = PBXFileReference; lastKnownFileType = sourcecode.swift; path = CustomTabBarAnimatedTransitions.swift; sourceTree = "<group>"; };
		FC5078F62A4930CF00E1EE77 /* TransparentBlurView.swift */ = {isa = PBXFileReference; lastKnownFileType = sourcecode.swift; path = TransparentBlurView.swift; sourceTree = "<group>"; };
		FC6452832B25922B0008B6E5 /* HeartParticle.swift */ = {isa = PBXFileReference; lastKnownFileType = sourcecode.swift; path = HeartParticle.swift; sourceTree = "<group>"; };
		FC6452852B2592EC0008B6E5 /* HeartAnimationView.swift */ = {isa = PBXFileReference; lastKnownFileType = sourcecode.swift; path = HeartAnimationView.swift; sourceTree = "<group>"; };
		FC9CECAF2AA25B0600A2FF4A /* RollingText.swift */ = {isa = PBXFileReference; lastKnownFileType = sourcecode.swift; path = RollingText.swift; sourceTree = "<group>"; };
		FC9F0D3C2B63B70B003379E5 /* ParallaxCarouselCard.swift */ = {isa = PBXFileReference; lastKnownFileType = sourcecode.swift; path = ParallaxCarouselCard.swift; sourceTree = "<group>"; };
		FC9F0D3E2B63B714003379E5 /* ParallaxCarouselCardModel.swift */ = {isa = PBXFileReference; lastKnownFileType = sourcecode.swift; path = ParallaxCarouselCardModel.swift; sourceTree = "<group>"; };
		FC9F0D402B64C6B9003379E5 /* AnimatedPageIndicator.swift */ = {isa = PBXFileReference; lastKnownFileType = sourcecode.swift; path = AnimatedPageIndicator.swift; sourceTree = "<group>"; };
		FCA81F7E2AA62FD5009C9881 /* IntroModel.swift */ = {isa = PBXFileReference; lastKnownFileType = sourcecode.swift; path = IntroModel.swift; sourceTree = "<group>"; };
		FCA81F802AA63073009C9881 /* IntroView.swift */ = {isa = PBXFileReference; lastKnownFileType = sourcecode.swift; path = IntroView.swift; sourceTree = "<group>"; };
		FCAA6A072B540B11004319D4 /* InfiniteCarouselView.swift */ = {isa = PBXFileReference; lastKnownFileType = sourcecode.swift; path = InfiniteCarouselView.swift; sourceTree = "<group>"; };
		FCAA6A092B5440B6004319D4 /* NumberTextAnimation.swift */ = {isa = PBXFileReference; lastKnownFileType = sourcecode.swift; path = NumberTextAnimation.swift; sourceTree = "<group>"; };
		FCAA6A0B2B5447E4004319D4 /* StatusBarUpdateView.swift */ = {isa = PBXFileReference; lastKnownFileType = sourcecode.swift; path = StatusBarUpdateView.swift; sourceTree = "<group>"; };
		FCAC50092B6A2FC800E41D87 /* ActivityRing.swift */ = {isa = PBXFileReference; lastKnownFileType = sourcecode.swift; path = ActivityRing.swift; sourceTree = "<group>"; };
		FCAF179B2AAD8AB100CBB953 /* Router.swift */ = {isa = PBXFileReference; lastKnownFileType = sourcecode.swift; path = Router.swift; sourceTree = "<group>"; };
		FCB4428C2B41160E00BBA560 /* ParticleModel.swift */ = {isa = PBXFileReference; lastKnownFileType = sourcecode.swift; path = ParticleModel.swift; sourceTree = "<group>"; };
		FCB59ACF2A506015008975DC /* ShimmerEffect.swift */ = {isa = PBXFileReference; lastKnownFileType = sourcecode.swift; path = ShimmerEffect.swift; sourceTree = "<group>"; };
		FCB59AD42A506C88008975DC /* BillSplitApp.swift */ = {isa = PBXFileReference; lastKnownFileType = sourcecode.swift; path = BillSplitApp.swift; sourceTree = "<group>"; };
		FCD93B692AA2588000B07AFE /* SequenceAnimationHome.swift */ = {isa = PBXFileReference; lastKnownFileType = sourcecode.swift; path = SequenceAnimationHome.swift; sourceTree = "<group>"; };
		FCE3CFFB2B5CEAA90012E071 /* GradientCardAnimation.swift */ = {isa = PBXFileReference; lastKnownFileType = sourcecode.swift; path = GradientCardAnimation.swift; sourceTree = "<group>"; };
		FCE3CFFD2B5CEF480012E071 /* FacebookReactions.swift */ = {isa = PBXFileReference; lastKnownFileType = sourcecode.swift; path = FacebookReactions.swift; sourceTree = "<group>"; };
		FCE3CFFF2B5CF7D90012E071 /* CustomBottomTabBar.swift */ = {isa = PBXFileReference; lastKnownFileType = sourcecode.swift; path = CustomBottomTabBar.swift; sourceTree = "<group>"; };
		FCE3D0012B5D722A0012E071 /* ParallaxCardView.swift */ = {isa = PBXFileReference; lastKnownFileType = sourcecode.swift; path = ParallaxCardView.swift; sourceTree = "<group>"; };
/* End PBXFileReference section */

/* Begin PBXFrameworksBuildPhase section */
		325DA0AA2921E770005F2E23 /* Frameworks */ = {
			isa = PBXFrameworksBuildPhase;
			buildActionMask = 2147483647;
			files = (
			);
			runOnlyForDeploymentPostprocessing = 0;
		};
/* End PBXFrameworksBuildPhase section */

/* Begin PBXGroup section */
		3254EC8B29247BAE009308B9 /* NetworkMonitor */ = {
			isa = PBXGroup;
			children = (
				3254EC8C29247BDD009308B9 /* NetworkMonitor.swift */,
				3254EC8E29247C58009308B9 /* DetectNetworkContentView.swift */,
			);
			path = NetworkMonitor;
			sourceTree = "<group>";
		};
		325DA0A42921E770005F2E23 = {
			isa = PBXGroup;
			children = (
				325DA0AF2921E770005F2E23 /* SwiftUIPortal */,
				325DA0AE2921E770005F2E23 /* Products */,
			);
			sourceTree = "<group>";
		};
		325DA0AE2921E770005F2E23 /* Products */ = {
			isa = PBXGroup;
			children = (
				325DA0AD2921E770005F2E23 /* SwiftUIPortal.app */,
			);
			name = Products;
			sourceTree = "<group>";
		};
		325DA0AF2921E770005F2E23 /* SwiftUIPortal */ = {
			isa = PBXGroup;
			children = (
				FC03AF4929949F7A009A5D4E /* App */,
				325DA0B62921E773005F2E23 /* Preview Content */,
				325DA0B22921E770005F2E23 /* ContentView.swift */,
				FC03AF4A2994A04C009A5D4E /* Resources */,
				FC47A7342AA355B200E3F150 /* Infras */,
				FCB59AD12A506022008975DC /* Helpers */,
				FC47A7352AA37EFA00E3F150 /* CardCreation */,
				FC47A7252AA323FB00E3F150 /* MoneyManage */,
				FC9CECAE2AA25AFB00A2FF4A /* RollingCounter */,
				FCD93B672AA2585C00B07AFE /* SequenceAnimation */,
				EA9690E029752947008AA5E7 /* Pokemon */,
				3254EC8B29247BAE009308B9 /* NetworkMonitor */,
				325DA0C42921E993005F2E23 /* CircularProgressBarView */,
				FCB59AD62A506C91008975DC /* Bill Split App */,
				FC47A73C2AA4FEB600E3F150 /* Others */,
				FCA81F7D2AA62FBB009C9881 /* IntroAnimation */,
			);
			path = SwiftUIPortal;
			sourceTree = "<group>";
		};
		325DA0B62921E773005F2E23 /* Preview Content */ = {
			isa = PBXGroup;
			children = (
				325DA0B72921E773005F2E23 /* Preview Assets.xcassets */,
			);
			path = "Preview Content";
			sourceTree = "<group>";
		};
		325DA0C42921E993005F2E23 /* CircularProgressBarView */ = {
			isa = PBXGroup;
			children = (
				325DA0BE2921E8B8005F2E23 /* CircularProgressBarBackgroundView.swift */,
				325DA0C02921E8CE005F2E23 /* CircularProgressBarProgressView.swift */,
				325DA0C22921E921005F2E23 /* CircularProgressBarView.swift */,
			);
			path = CircularProgressBarView;
			sourceTree = "<group>";
		};
		EA9690E029752947008AA5E7 /* Pokemon */ = {
			isa = PBXGroup;
			children = (
				EA9690E12975295B008AA5E7 /* PokeAPIService.swift */,
				EA9690E329752AAA008AA5E7 /* PokemonModel.swift */,
				EA9690E729752C88008AA5E7 /* PokeRow.swift */,
				EA9690E9297530D6008AA5E7 /* TypeChipList.swift */,
				EA9690E529752AD7008AA5E7 /* PokemonView.swift */,
				FC03AF4529949C32009A5D4E /* PokemonListView.swift */,
				FC03AF4729949C4B009A5D4E /* PokemonDetailView.swift */,
			);
			path = Pokemon;
			sourceTree = "<group>";
		};
		FC03AF4929949F7A009A5D4E /* App */ = {
			isa = PBXGroup;
			children = (
				325DA0B02921E770005F2E23 /* SwiftUIPortalApp.swift */,
			);
			path = App;
			sourceTree = "<group>";
		};
		FC03AF4A2994A04C009A5D4E /* Resources */ = {
			isa = PBXGroup;
			children = (
				325DA0B42921E772005F2E23 /* Assets.xcassets */,
			);
			path = Resources;
			sourceTree = "<group>";
		};
		FC06694A2B5F8CD300237F91 /* Calmaria */ = {
			isa = PBXGroup;
			children = (
				FC0669482B5F8BDB00237F91 /* CalmariaView.swift */,
				FC06694B2B5F8CE400237F91 /* CalmariaVisualEffectView.swift */,
			);
			path = Calmaria;
			sourceTree = "<group>";
		};
		FC209DCD2B401A93006EA403 /* ParticleEmitter */ = {
			isa = PBXGroup;
			children = (
				FC209DCE2B401AA3006EA403 /* ParticleEmitterView.swift */,
				FC209DD02B401C6B006EA403 /* ParticleEffect.swift */,
				FCB4428C2B41160E00BBA560 /* ParticleModel.swift */,
			);
			path = ParticleEmitter;
			sourceTree = "<group>";
		};
		FC47A7252AA323FB00E3F150 /* MoneyManage */ = {
			isa = PBXGroup;
			children = (
				FC47A7262AA323FB00E3F150 /* TransactionRow.swift */,
				FC47A7272AA323FB00E3F150 /* CardView.swift */,
				FC47A7282AA323FB00E3F150 /* CardsScreen.swift */,
				FC47A7292AA323FB00E3F150 /* CardList.swift */,
				FC47A72A2AA323FB00E3F150 /* TransactionsView.swift */,
				FC47A72B2AA323FB00E3F150 /* MoneyManagerContentView.swift */,
			);
			path = MoneyManage;
			sourceTree = "<group>";
		};
		FC47A7342AA355B200E3F150 /* Infras */ = {
			isa = PBXGroup;
			children = (
				FC47A7322AA355AD00E3F150 /* BaseNavigationView.swift */,
				FCAF179B2AAD8AB100CBB953 /* Router.swift */,
			);
			path = Infras;
			sourceTree = "<group>";
		};
		FC47A7352AA37EFA00E3F150 /* CardCreation */ = {
			isa = PBXGroup;
			children = (
				FC47A7362AA37F0C00E3F150 /* ActiveKeyboardField.swift */,
				FC47A7382AA49AC900E3F150 /* CardCreationView.swift */,
			);
			path = CardCreation;
			sourceTree = "<group>";
		};
		FC47A73C2AA4FEB600E3F150 /* Others */ = {
			isa = PBXGroup;
			children = (
				FC209DCD2B401A93006EA403 /* ParticleEmitter */,
				FC6452822B2592160008B6E5 /* HeartAnimation */,
				FC47A76E2AA4FF0E00E3F150 /* ViewModels */,
				FC06694A2B5F8CD300237F91 /* Calmaria */,
				FC9F0D3B2B63B6E5003379E5 /* ParallaxCarouselCard */,
				FC47A7492AA4FEC900E3F150 /* CircleButton.swift */,
				FC47A7502AA4FEC900E3F150 /* DownloadImageView.swift */,
				FC47A7442AA4FEC900E3F150 /* fireworks3.json */,
				FC47A7432AA4FEC900E3F150 /* FlowerPetals.swift */,
				FC47A74D2AA4FEC900E3F150 /* likeButton.swift */,
				FC47A73F2AA4FEC900E3F150 /* LinkedInLoader.swift */,
				FC47A7402AA4FEC900E3F150 /* LoginView.swift */,
				FC47A7482AA4FEC900E3F150 /* LottieView.swift */,
				FC47A74F2AA4FEC900E3F150 /* NewYearAnim.swift */,
				FC47A73E2AA4FEC900E3F150 /* OpacityAnimation.swift */,
				FC47A74E2AA4FEC900E3F150 /* PathViews.swift */,
				FC47A7422AA4FEC900E3F150 /* PopularView.swift */,
				FC47A73D2AA4FEC900E3F150 /* ProgressCircleStack.swift */,
				FC47A74C2AA4FEC900E3F150 /* RecButton.swift */,
				FC47A74B2AA4FEC900E3F150 /* ShapeAnimation.swift */,
				FC47A7452AA4FEC900E3F150 /* SpreadingAnim.swift */,
				FC47A7462AA4FEC900E3F150 /* Switch.swift */,
				FC47A74A2AA4FEC900E3F150 /* TimerWithCombine.swift */,
				EA9690D72974FEFB008AA5E7 /* YoutubeOpeningAnimation.swift */,
				EA9690D32974ED85008AA5E7 /* RippleAnimation.swift */,
				EA9690D52974F17E008AA5E7 /* AWBreathAnimation.swift */,
				FC03AF4B2994A05F009A5D4E /* OtpVerificationView.swift */,
				FC03AF512994A0DB009A5D4E /* CustomMapView.swift */,
				FC03AF4D2994A06B009A5D4E /* AuthView.swift */,
				FC03AF532994A109009A5D4E /* CustomTimePickerView.swift */,
				FC03AF572994A12A009A5D4E /* LiquidSwipeHome.swift */,
				FC03AF552994A11D009A5D4E /* DownloadingView.swift */,
				FC03AF592994A137009A5D4E /* ProgessBarView.swift */,
				FC03AF5B2994A142009A5D4E /* SplitTheBillView.swift */,
				FC03AF5D2994A150009A5D4E /* TinderSwipableCardView.swift */,
				FC5078F42A46964900E1EE77 /* CustomTabBarAnimatedTransitions.swift */,
				FC5078F62A4930CF00E1EE77 /* TransparentBlurView.swift */,
				FC209DCB2B401567006EA403 /* SwipeToHideNavBar.swift */,
				FCAA6A072B540B11004319D4 /* InfiniteCarouselView.swift */,
				FCAA6A092B5440B6004319D4 /* NumberTextAnimation.swift */,
				FCAA6A0B2B5447E4004319D4 /* StatusBarUpdateView.swift */,
				FCE3CFFB2B5CEAA90012E071 /* GradientCardAnimation.swift */,
				FCE3CFFD2B5CEF480012E071 /* FacebookReactions.swift */,
				FCE3CFFF2B5CF7D90012E071 /* CustomBottomTabBar.swift */,
				FCE3D0012B5D722A0012E071 /* ParallaxCardView.swift */,
				FC06694F2B5FD17800237F91 /* CustomToastView.swift */,
				FC0669512B602B8600237F91 /* SideMenuView.swift */,
				FC0669532B602CFC00237F91 /* AnimatedStickyHeaderView.swift */,
				FC1BD8452B62B8AE006EAF40 /* AnimatedSFTabView.swift */,
				FC9F0D402B64C6B9003379E5 /* AnimatedPageIndicator.swift */,
				FCAC50092B6A2FC800E41D87 /* ActivityRing.swift */,
			);
			path = Others;
			sourceTree = "<group>";
		};
		FC47A76E2AA4FF0E00E3F150 /* ViewModels */ = {
			isa = PBXGroup;
			children = (
				FC47A76F2AA4FF0E00E3F150 /* Counter.swift */,
			);
			path = ViewModels;
			sourceTree = "<group>";
		};
		FC6452822B2592160008B6E5 /* HeartAnimation */ = {
			isa = PBXGroup;
			children = (
				FC6452832B25922B0008B6E5 /* HeartParticle.swift */,
				FC6452852B2592EC0008B6E5 /* HeartAnimationView.swift */,
			);
			path = HeartAnimation;
			sourceTree = "<group>";
		};
		FC9CECAE2AA25AFB00A2FF4A /* RollingCounter */ = {
			isa = PBXGroup;
			children = (
				FC9CECAF2AA25B0600A2FF4A /* RollingText.swift */,
			);
			path = RollingCounter;
			sourceTree = "<group>";
		};
		FC9F0D3B2B63B6E5003379E5 /* ParallaxCarouselCard */ = {
			isa = PBXGroup;
			children = (
				FC9F0D3C2B63B70B003379E5 /* ParallaxCarouselCard.swift */,
				FC9F0D3E2B63B714003379E5 /* ParallaxCarouselCardModel.swift */,
			);
			path = ParallaxCarouselCard;
			sourceTree = "<group>";
		};
		FCA81F7D2AA62FBB009C9881 /* IntroAnimation */ = {
			isa = PBXGroup;
			children = (
				FCA81F7E2AA62FD5009C9881 /* IntroModel.swift */,
				FCA81F802AA63073009C9881 /* IntroView.swift */,
			);
			path = IntroAnimation;
			sourceTree = "<group>";
		};
		FCB59AD12A506022008975DC /* Helpers */ = {
			isa = PBXGroup;
			children = (
				FC47A73A2AA4FD0900E3F150 /* Utils.swift */,
				FC03AF4F2994A0BD009A5D4E /* ViewExtension.swift */,
				FCB59ACF2A506015008975DC /* ShimmerEffect.swift */,
			);
			path = Helpers;
			sourceTree = "<group>";
		};
		FCB59AD62A506C91008975DC /* Bill Split App */ = {
			isa = PBXGroup;
			children = (
				FCB59AD42A506C88008975DC /* BillSplitApp.swift */,
			);
			path = "Bill Split App";
			sourceTree = "<group>";
		};
		FCD93B672AA2585C00B07AFE /* SequenceAnimation */ = {
			isa = PBXGroup;
			children = (
				FCD93B682AA2586F00B07AFE /* View */,
			);
			path = SequenceAnimation;
			sourceTree = "<group>";
		};
		FCD93B682AA2586F00B07AFE /* View */ = {
			isa = PBXGroup;
			children = (
				FCD93B692AA2588000B07AFE /* SequenceAnimationHome.swift */,
			);
			path = View;
			sourceTree = "<group>";
		};
/* End PBXGroup section */

/* Begin PBXNativeTarget section */
		325DA0AC2921E770005F2E23 /* SwiftUIPortal */ = {
			isa = PBXNativeTarget;
			buildConfigurationList = 325DA0BB2921E773005F2E23 /* Build configuration list for PBXNativeTarget "SwiftUIPortal" */;
			buildPhases = (
				325DA0A92921E770005F2E23 /* Sources */,
				325DA0AA2921E770005F2E23 /* Frameworks */,
				325DA0AB2921E770005F2E23 /* Resources */,
			);
			buildRules = (
			);
			dependencies = (
			);
			name = SwiftUIPortal;
			productName = SwiftUIPortal;
			productReference = 325DA0AD2921E770005F2E23 /* SwiftUIPortal.app */;
			productType = "com.apple.product-type.application";
		};
/* End PBXNativeTarget section */

/* Begin PBXProject section */
		325DA0A52921E770005F2E23 /* Project object */ = {
			isa = PBXProject;
			attributes = {
				BuildIndependentTargetsInParallel = 1;
				LastSwiftUpdateCheck = 1320;
				LastUpgradeCheck = 1320;
				TargetAttributes = {
					325DA0AC2921E770005F2E23 = {
						CreatedOnToolsVersion = 13.2.1;
					};
				};
			};
			buildConfigurationList = 325DA0A82921E770005F2E23 /* Build configuration list for PBXProject "SwiftUIPortal" */;
			compatibilityVersion = "Xcode 13.0";
			developmentRegion = en;
			hasScannedForEncodings = 0;
			knownRegions = (
				en,
				Base,
			);
			mainGroup = 325DA0A42921E770005F2E23;
			productRefGroup = 325DA0AE2921E770005F2E23 /* Products */;
			projectDirPath = "";
			projectRoot = "";
			targets = (
				325DA0AC2921E770005F2E23 /* SwiftUIPortal */,
			);
		};
/* End PBXProject section */

/* Begin PBXResourcesBuildPhase section */
		325DA0AB2921E770005F2E23 /* Resources */ = {
			isa = PBXResourcesBuildPhase;
			buildActionMask = 2147483647;
			files = (
				325DA0B82921E773005F2E23 /* Preview Assets.xcassets in Resources */,
				FC47A7592AA4FEC900E3F150 /* fireworks3.json in Resources */,
				325DA0B52921E772005F2E23 /* Assets.xcassets in Resources */,
			);
			runOnlyForDeploymentPostprocessing = 0;
		};
/* End PBXResourcesBuildPhase section */

/* Begin PBXSourcesBuildPhase section */
		325DA0A92921E770005F2E23 /* Sources */ = {
			isa = PBXSourcesBuildPhase;
			buildActionMask = 2147483647;
			files = (
				FC5078F52A46964900E1EE77 /* CustomTabBarAnimatedTransitions.swift in Sources */,
				FC03AF4629949C32009A5D4E /* PokemonListView.swift in Sources */,
				FC03AF4C2994A05F009A5D4E /* OtpVerificationView.swift in Sources */,
				FC47A7652AA4FEC900E3F150 /* DownloadImageView.swift in Sources */,
				FC47A7602AA4FEC900E3F150 /* ShapeAnimation.swift in Sources */,
				FC47A75A2AA4FEC900E3F150 /* SpreadingAnim.swift in Sources */,
				FC03AF542994A109009A5D4E /* CustomTimePickerView.swift in Sources */,
				FC06694C2B5F8CE400237F91 /* CalmariaVisualEffectView.swift in Sources */,
				FC47A7702AA4FF0E00E3F150 /* Counter.swift in Sources */,
				FC9F0D412B64C6B9003379E5 /* AnimatedPageIndicator.swift in Sources */,
				FC47A72F2AA323FB00E3F150 /* CardList.swift in Sources */,
				FC47A7632AA4FEC900E3F150 /* PathViews.swift in Sources */,
				FCE3CFFC2B5CEAA90012E071 /* GradientCardAnimation.swift in Sources */,
				FCB59AD02A506015008975DC /* ShimmerEffect.swift in Sources */,
				FC47A7582AA4FEC900E3F150 /* FlowerPetals.swift in Sources */,
				FC209DCC2B401567006EA403 /* SwipeToHideNavBar.swift in Sources */,
				EA9690D42974ED85008AA5E7 /* RippleAnimation.swift in Sources */,
				FC5078F72A4930CF00E1EE77 /* TransparentBlurView.swift in Sources */,
				FC0669502B5FD17800237F91 /* CustomToastView.swift in Sources */,
				FCA81F812AA63073009C9881 /* IntroView.swift in Sources */,
				EA9690D82974FEFB008AA5E7 /* YoutubeOpeningAnimation.swift in Sources */,
				FC209DD12B401C6B006EA403 /* ParticleEffect.swift in Sources */,
				FC47A7332AA355AD00E3F150 /* BaseNavigationView.swift in Sources */,
				FC9F0D3D2B63B70B003379E5 /* ParallaxCarouselCard.swift in Sources */,
				3254EC8F29247C58009308B9 /* DetectNetworkContentView.swift in Sources */,
				FC0669542B602CFC00237F91 /* AnimatedStickyHeaderView.swift in Sources */,
				325DA0B32921E770005F2E23 /* ContentView.swift in Sources */,
				FC47A7302AA323FB00E3F150 /* TransactionsView.swift in Sources */,
				FC47A7642AA4FEC900E3F150 /* NewYearAnim.swift in Sources */,
				FCAA6A082B540B11004319D4 /* InfiniteCarouselView.swift in Sources */,
				3254EC8D29247BDD009308B9 /* NetworkMonitor.swift in Sources */,
				EA9690E429752AAA008AA5E7 /* PokemonModel.swift in Sources */,
				FC03AF4E2994A06B009A5D4E /* AuthView.swift in Sources */,
				FC47A72E2AA323FB00E3F150 /* CardsScreen.swift in Sources */,
				FC47A7622AA4FEC900E3F150 /* likeButton.swift in Sources */,
				FC03AF562994A11D009A5D4E /* DownloadingView.swift in Sources */,
				FC47A75B2AA4FEC900E3F150 /* Switch.swift in Sources */,
				FC47A72D2AA323FB00E3F150 /* CardView.swift in Sources */,
				EA9690EA297530D6008AA5E7 /* TypeChipList.swift in Sources */,
				FC1BD8462B62B8AE006EAF40 /* AnimatedSFTabView.swift in Sources */,
				FC0669492B5F8BDB00237F91 /* CalmariaView.swift in Sources */,
				FC03AF5A2994A137009A5D4E /* ProgessBarView.swift in Sources */,
				FC47A7532AA4FEC900E3F150 /* OpacityAnimation.swift in Sources */,
				FCB59AD52A506C88008975DC /* BillSplitApp.swift in Sources */,
				FC9CECB02AA25B0600A2FF4A /* RollingText.swift in Sources */,
				FC47A75D2AA4FEC900E3F150 /* LottieView.swift in Sources */,
				FC0669522B602B8600237F91 /* SideMenuView.swift in Sources */,
				FC03AF4829949C4B009A5D4E /* PokemonDetailView.swift in Sources */,
				FC6452862B2592EC0008B6E5 /* HeartAnimationView.swift in Sources */,
				FC47A7572AA4FEC900E3F150 /* PopularView.swift in Sources */,
				FCE3CFFE2B5CEF480012E071 /* FacebookReactions.swift in Sources */,
				FC47A7312AA323FB00E3F150 /* MoneyManagerContentView.swift in Sources */,
				FC47A7392AA49AC900E3F150 /* CardCreationView.swift in Sources */,
				FC47A72C2AA323FB00E3F150 /* TransactionRow.swift in Sources */,
				FCAF179C2AAD8AB100CBB953 /* Router.swift in Sources */,
				FC03AF5C2994A142009A5D4E /* SplitTheBillView.swift in Sources */,
				FC47A73B2AA4FD0900E3F150 /* Utils.swift in Sources */,
				325DA0BF2921E8B8005F2E23 /* CircularProgressBarBackgroundView.swift in Sources */,
				EA9690E629752AD7008AA5E7 /* PokemonView.swift in Sources */,
				FCAC500A2B6A2FC800E41D87 /* ActivityRing.swift in Sources */,
				FCAA6A0C2B5447E4004319D4 /* StatusBarUpdateView.swift in Sources */,
				FC47A7542AA4FEC900E3F150 /* LinkedInLoader.swift in Sources */,
				EA9690E22975295B008AA5E7 /* PokeAPIService.swift in Sources */,
				FC03AF502994A0BD009A5D4E /* ViewExtension.swift in Sources */,
				FC9F0D3F2B63B714003379E5 /* ParallaxCarouselCardModel.swift in Sources */,
				FC47A7552AA4FEC900E3F150 /* LoginView.swift in Sources */,
				FCE3D0022B5D722A0012E071 /* ParallaxCardView.swift in Sources */,
				FC47A7522AA4FEC900E3F150 /* ProgressCircleStack.swift in Sources */,
				FC03AF582994A12A009A5D4E /* LiquidSwipeHome.swift in Sources */,
				FCD93B6A2AA2588000B07AFE /* SequenceAnimationHome.swift in Sources */,
				325DA0B12921E770005F2E23 /* SwiftUIPortalApp.swift in Sources */,
				325DA0C12921E8CE005F2E23 /* CircularProgressBarProgressView.swift in Sources */,
				FCAA6A0A2B5440B6004319D4 /* NumberTextAnimation.swift in Sources */,
				FCB4428D2B41160E00BBA560 /* ParticleModel.swift in Sources */,
				FCE3D0002B5CF7D90012E071 /* CustomBottomTabBar.swift in Sources */,
				EA9690D62974F17E008AA5E7 /* AWBreathAnimation.swift in Sources */,
				FC03AF522994A0DB009A5D4E /* CustomMapView.swift in Sources */,
				FC47A75E2AA4FEC900E3F150 /* CircleButton.swift in Sources */,
				FC47A7612AA4FEC900E3F150 /* RecButton.swift in Sources */,
				FC47A75F2AA4FEC900E3F150 /* TimerWithCombine.swift in Sources */,
				325DA0C32921E921005F2E23 /* CircularProgressBarView.swift in Sources */,
				FC209DCF2B401AA3006EA403 /* ParticleEmitterView.swift in Sources */,
				FC03AF5E2994A150009A5D4E /* TinderSwipableCardView.swift in Sources */,
				FC47A7372AA37F0C00E3F150 /* ActiveKeyboardField.swift in Sources */,
				FCA81F7F2AA62FD5009C9881 /* IntroModel.swift in Sources */,
				FC6452842B25922B0008B6E5 /* HeartParticle.swift in Sources */,
				EA9690E829752C88008AA5E7 /* PokeRow.swift in Sources */,
			);
			runOnlyForDeploymentPostprocessing = 0;
		};
/* End PBXSourcesBuildPhase section */

/* Begin XCBuildConfiguration section */
		325DA0B92921E773005F2E23 /* Debug */ = {
			isa = XCBuildConfiguration;
			buildSettings = {
				ALWAYS_SEARCH_USER_PATHS = NO;
				CLANG_ANALYZER_NONNULL = YES;
				CLANG_ANALYZER_NUMBER_OBJECT_CONVERSION = YES_AGGRESSIVE;
				CLANG_CXX_LANGUAGE_STANDARD = "gnu++17";
				CLANG_CXX_LIBRARY = "libc++";
				CLANG_ENABLE_MODULES = YES;
				CLANG_ENABLE_OBJC_ARC = YES;
				CLANG_ENABLE_OBJC_WEAK = YES;
				CLANG_WARN_BLOCK_CAPTURE_AUTORELEASING = YES;
				CLANG_WARN_BOOL_CONVERSION = YES;
				CLANG_WARN_COMMA = YES;
				CLANG_WARN_CONSTANT_CONVERSION = YES;
				CLANG_WARN_DEPRECATED_OBJC_IMPLEMENTATIONS = YES;
				CLANG_WARN_DIRECT_OBJC_ISA_USAGE = YES_ERROR;
				CLANG_WARN_DOCUMENTATION_COMMENTS = YES;
				CLANG_WARN_EMPTY_BODY = YES;
				CLANG_WARN_ENUM_CONVERSION = YES;
				CLANG_WARN_INFINITE_RECURSION = YES;
				CLANG_WARN_INT_CONVERSION = YES;
				CLANG_WARN_NON_LITERAL_NULL_CONVERSION = YES;
				CLANG_WARN_OBJC_IMPLICIT_RETAIN_SELF = YES;
				CLANG_WARN_OBJC_LITERAL_CONVERSION = YES;
				CLANG_WARN_OBJC_ROOT_CLASS = YES_ERROR;
				CLANG_WARN_QUOTED_INCLUDE_IN_FRAMEWORK_HEADER = YES;
				CLANG_WARN_RANGE_LOOP_ANALYSIS = YES;
				CLANG_WARN_STRICT_PROTOTYPES = YES;
				CLANG_WARN_SUSPICIOUS_MOVE = YES;
				CLANG_WARN_UNGUARDED_AVAILABILITY = YES_AGGRESSIVE;
				CLANG_WARN_UNREACHABLE_CODE = YES;
				CLANG_WARN__DUPLICATE_METHOD_MATCH = YES;
				COPY_PHASE_STRIP = NO;
				DEBUG_INFORMATION_FORMAT = dwarf;
				ENABLE_STRICT_OBJC_MSGSEND = YES;
				ENABLE_TESTABILITY = YES;
				GCC_C_LANGUAGE_STANDARD = gnu11;
				GCC_DYNAMIC_NO_PIC = NO;
				GCC_NO_COMMON_BLOCKS = YES;
				GCC_OPTIMIZATION_LEVEL = 0;
				GCC_PREPROCESSOR_DEFINITIONS = (
					"DEBUG=1",
					"$(inherited)",
				);
				GCC_WARN_64_TO_32_BIT_CONVERSION = YES;
				GCC_WARN_ABOUT_RETURN_TYPE = YES_ERROR;
				GCC_WARN_UNDECLARED_SELECTOR = YES;
				GCC_WARN_UNINITIALIZED_AUTOS = YES_AGGRESSIVE;
				GCC_WARN_UNUSED_FUNCTION = YES;
				GCC_WARN_UNUSED_VARIABLE = YES;
				IPHONEOS_DEPLOYMENT_TARGET = 15.2;
				MTL_ENABLE_DEBUG_INFO = INCLUDE_SOURCE;
				MTL_FAST_MATH = YES;
				ONLY_ACTIVE_ARCH = YES;
				SDKROOT = iphoneos;
				SWIFT_ACTIVE_COMPILATION_CONDITIONS = DEBUG;
				SWIFT_OPTIMIZATION_LEVEL = "-Onone";
			};
			name = Debug;
		};
		325DA0BA2921E773005F2E23 /* Release */ = {
			isa = XCBuildConfiguration;
			buildSettings = {
				ALWAYS_SEARCH_USER_PATHS = NO;
				CLANG_ANALYZER_NONNULL = YES;
				CLANG_ANALYZER_NUMBER_OBJECT_CONVERSION = YES_AGGRESSIVE;
				CLANG_CXX_LANGUAGE_STANDARD = "gnu++17";
				CLANG_CXX_LIBRARY = "libc++";
				CLANG_ENABLE_MODULES = YES;
				CLANG_ENABLE_OBJC_ARC = YES;
				CLANG_ENABLE_OBJC_WEAK = YES;
				CLANG_WARN_BLOCK_CAPTURE_AUTORELEASING = YES;
				CLANG_WARN_BOOL_CONVERSION = YES;
				CLANG_WARN_COMMA = YES;
				CLANG_WARN_CONSTANT_CONVERSION = YES;
				CLANG_WARN_DEPRECATED_OBJC_IMPLEMENTATIONS = YES;
				CLANG_WARN_DIRECT_OBJC_ISA_USAGE = YES_ERROR;
				CLANG_WARN_DOCUMENTATION_COMMENTS = YES;
				CLANG_WARN_EMPTY_BODY = YES;
				CLANG_WARN_ENUM_CONVERSION = YES;
				CLANG_WARN_INFINITE_RECURSION = YES;
				CLANG_WARN_INT_CONVERSION = YES;
				CLANG_WARN_NON_LITERAL_NULL_CONVERSION = YES;
				CLANG_WARN_OBJC_IMPLICIT_RETAIN_SELF = YES;
				CLANG_WARN_OBJC_LITERAL_CONVERSION = YES;
				CLANG_WARN_OBJC_ROOT_CLASS = YES_ERROR;
				CLANG_WARN_QUOTED_INCLUDE_IN_FRAMEWORK_HEADER = YES;
				CLANG_WARN_RANGE_LOOP_ANALYSIS = YES;
				CLANG_WARN_STRICT_PROTOTYPES = YES;
				CLANG_WARN_SUSPICIOUS_MOVE = YES;
				CLANG_WARN_UNGUARDED_AVAILABILITY = YES_AGGRESSIVE;
				CLANG_WARN_UNREACHABLE_CODE = YES;
				CLANG_WARN__DUPLICATE_METHOD_MATCH = YES;
				COPY_PHASE_STRIP = NO;
				DEBUG_INFORMATION_FORMAT = "dwarf-with-dsym";
				ENABLE_NS_ASSERTIONS = NO;
				ENABLE_STRICT_OBJC_MSGSEND = YES;
				GCC_C_LANGUAGE_STANDARD = gnu11;
				GCC_NO_COMMON_BLOCKS = YES;
				GCC_WARN_64_TO_32_BIT_CONVERSION = YES;
				GCC_WARN_ABOUT_RETURN_TYPE = YES_ERROR;
				GCC_WARN_UNDECLARED_SELECTOR = YES;
				GCC_WARN_UNINITIALIZED_AUTOS = YES_AGGRESSIVE;
				GCC_WARN_UNUSED_FUNCTION = YES;
				GCC_WARN_UNUSED_VARIABLE = YES;
				IPHONEOS_DEPLOYMENT_TARGET = 15.2;
				MTL_ENABLE_DEBUG_INFO = NO;
				MTL_FAST_MATH = YES;
				SDKROOT = iphoneos;
				SWIFT_COMPILATION_MODE = wholemodule;
				SWIFT_OPTIMIZATION_LEVEL = "-O";
				VALIDATE_PRODUCT = YES;
			};
			name = Release;
		};
		325DA0BC2921E773005F2E23 /* Debug */ = {
			isa = XCBuildConfiguration;
			buildSettings = {
				ASSETCATALOG_COMPILER_APPICON_NAME = AppIcon;
				ASSETCATALOG_COMPILER_GLOBAL_ACCENT_COLOR_NAME = AccentColor;
				CODE_SIGN_STYLE = Automatic;
				CURRENT_PROJECT_VERSION = 1;
				DEVELOPMENT_ASSET_PATHS = "\"SwiftUIPortal/Preview Content\"";
				DEVELOPMENT_TEAM = 87A46U8PS5;
				ENABLE_PREVIEWS = YES;
				GENERATE_INFOPLIST_FILE = YES;
				INFOPLIST_KEY_UIApplicationSceneManifest_Generation = YES;
				INFOPLIST_KEY_UIApplicationSupportsIndirectInputEvents = YES;
				INFOPLIST_KEY_UILaunchScreen_Generation = YES;
				INFOPLIST_KEY_UISupportedInterfaceOrientations_iPad = "UIInterfaceOrientationPortrait UIInterfaceOrientationPortraitUpsideDown UIInterfaceOrientationLandscapeLeft UIInterfaceOrientationLandscapeRight";
				INFOPLIST_KEY_UISupportedInterfaceOrientations_iPhone = "UIInterfaceOrientationPortrait UIInterfaceOrientationLandscapeLeft UIInterfaceOrientationLandscapeRight";
				IPHONEOS_DEPLOYMENT_TARGET = 17.0;
				LD_RUNPATH_SEARCH_PATHS = (
					"$(inherited)",
					"@executable_path/Frameworks",
				);
				MARKETING_VERSION = 1.0;
				PRODUCT_BUNDLE_IDENTIFIER = com.dltduong.SwiftUIPortal;
				PRODUCT_NAME = "$(TARGET_NAME)";
				SWIFT_EMIT_LOC_STRINGS = YES;
				SWIFT_VERSION = 5.0;
				TARGETED_DEVICE_FAMILY = "1,2";
			};
			name = Debug;
		};
		325DA0BD2921E773005F2E23 /* Release */ = {
			isa = XCBuildConfiguration;
			buildSettings = {
				ASSETCATALOG_COMPILER_APPICON_NAME = AppIcon;
				ASSETCATALOG_COMPILER_GLOBAL_ACCENT_COLOR_NAME = AccentColor;
				CODE_SIGN_STYLE = Automatic;
				CURRENT_PROJECT_VERSION = 1;
				DEVELOPMENT_ASSET_PATHS = "\"SwiftUIPortal/Preview Content\"";
				DEVELOPMENT_TEAM = 87A46U8PS5;
				ENABLE_PREVIEWS = YES;
				GENERATE_INFOPLIST_FILE = YES;
				INFOPLIST_KEY_UIApplicationSceneManifest_Generation = YES;
				INFOPLIST_KEY_UIApplicationSupportsIndirectInputEvents = YES;
				INFOPLIST_KEY_UILaunchScreen_Generation = YES;
				INFOPLIST_KEY_UISupportedInterfaceOrientations_iPad = "UIInterfaceOrientationPortrait UIInterfaceOrientationPortraitUpsideDown UIInterfaceOrientationLandscapeLeft UIInterfaceOrientationLandscapeRight";
				INFOPLIST_KEY_UISupportedInterfaceOrientations_iPhone = "UIInterfaceOrientationPortrait UIInterfaceOrientationLandscapeLeft UIInterfaceOrientationLandscapeRight";
				IPHONEOS_DEPLOYMENT_TARGET = 17.0;
				LD_RUNPATH_SEARCH_PATHS = (
					"$(inherited)",
					"@executable_path/Frameworks",
				);
				MARKETING_VERSION = 1.0;
				PRODUCT_BUNDLE_IDENTIFIER = com.dltduong.SwiftUIPortal;
				PRODUCT_NAME = "$(TARGET_NAME)";
				SWIFT_EMIT_LOC_STRINGS = YES;
				SWIFT_VERSION = 5.0;
				TARGETED_DEVICE_FAMILY = "1,2";
			};
			name = Release;
		};
/* End XCBuildConfiguration section */

/* Begin XCConfigurationList section */
		325DA0A82921E770005F2E23 /* Build configuration list for PBXProject "SwiftUIPortal" */ = {
			isa = XCConfigurationList;
			buildConfigurations = (
				325DA0B92921E773005F2E23 /* Debug */,
				325DA0BA2921E773005F2E23 /* Release */,
			);
			defaultConfigurationIsVisible = 0;
			defaultConfigurationName = Release;
		};
		325DA0BB2921E773005F2E23 /* Build configuration list for PBXNativeTarget "SwiftUIPortal" */ = {
			isa = XCConfigurationList;
			buildConfigurations = (
				325DA0BC2921E773005F2E23 /* Debug */,
				325DA0BD2921E773005F2E23 /* Release */,
			);
			defaultConfigurationIsVisible = 0;
			defaultConfigurationName = Release;
		};
/* End XCConfigurationList section */
	};
	rootObject = 325DA0A52921E770005F2E23 /* Project object */;
}
